// !$*UTF8*$!
{
	archiveVersion = 1;
	classes = {
	};
	objectVersion = 52;
	objects = {

/* Begin PBXBuildFile section */
		15AD6CA1228BF84E00B68F53 /* RMStoreFramework.h in Headers */ = {isa = PBXBuildFile; fileRef = 15AD6C9F228BF84E00B68F53 /* RMStoreFramework.h */; settings = {ATTRIBUTES = (Public, ); }; };
		15AD6CA5228BF84E00B68F53 /* RMStoreFramework.framework in Embed Frameworks */ = {isa = PBXBuildFile; fileRef = 15AD6C9D228BF84E00B68F53 /* RMStoreFramework.framework */; settings = {ATTRIBUTES = (CodeSignOnCopy, RemoveHeadersOnCopy, ); }; };
		15AD6CAA228BF85800B68F53 /* AppleIncRootCertificate.cer in Resources */ = {isa = PBXBuildFile; fileRef = 87BA4B9E1886E362004FD693 /* AppleIncRootCertificate.cer */; };
		15AD6CAB228BF85800B68F53 /* RMAppReceipt.h in Headers */ = {isa = PBXBuildFile; fileRef = 8793E800180D512E005D7A66 /* RMAppReceipt.h */; settings = {ATTRIBUTES = (Public, ); }; };
		15AD6CAC228BF85800B68F53 /* RMAppReceipt.m in Sources */ = {isa = PBXBuildFile; fileRef = 8793E801180D512E005D7A66 /* RMAppReceipt.m */; };
		15AD6CAD228BF85800B68F53 /* RMStoreAppReceiptVerifier.h in Headers */ = {isa = PBXBuildFile; fileRef = 8793E802180D512E005D7A66 /* RMStoreAppReceiptVerifier.h */; settings = {ATTRIBUTES = (Public, ); }; };
		15AD6CAE228BF85800B68F53 /* RMStoreAppReceiptVerifier.m in Sources */ = {isa = PBXBuildFile; fileRef = 8793E803180D512E005D7A66 /* RMStoreAppReceiptVerifier.m */; };
		15AD6CAF228BF85800B68F53 /* RMStoreKeychainPersistence.h in Headers */ = {isa = PBXBuildFile; fileRef = 876046471812FB7500C9B78C /* RMStoreKeychainPersistence.h */; settings = {ATTRIBUTES = (Public, ); }; };
		15AD6CB0228BF85800B68F53 /* RMStoreKeychainPersistence.m in Sources */ = {isa = PBXBuildFile; fileRef = 876046481812FB7500C9B78C /* RMStoreKeychainPersistence.m */; };
		15AD6CB1228BF85800B68F53 /* RMStoreTransaction.h in Headers */ = {isa = PBXBuildFile; fileRef = 876631F7180EEBF40049B368 /* RMStoreTransaction.h */; settings = {ATTRIBUTES = (Public, ); }; };
		15AD6CB2228BF85800B68F53 /* RMStoreTransaction.m in Sources */ = {isa = PBXBuildFile; fileRef = 876631F8180EEBF40049B368 /* RMStoreTransaction.m */; };
		15AD6CB5228BF85800B68F53 /* RMStoreUserDefaultsPersistence.h in Headers */ = {isa = PBXBuildFile; fileRef = 87A2A3A7180E82BB00376773 /* RMStoreUserDefaultsPersistence.h */; settings = {ATTRIBUTES = (Public, ); }; };
		15AD6CB6228BF85800B68F53 /* RMStoreUserDefaultsPersistence.m in Sources */ = {isa = PBXBuildFile; fileRef = 87A2A3A8180E82BB00376773 /* RMStoreUserDefaultsPersistence.m */; };
		15AD6CB7228BF85800B68F53 /* RMStore.h in Headers */ = {isa = PBXBuildFile; fileRef = A0AF3D1017A802F300D2E836 /* RMStore.h */; settings = {ATTRIBUTES = (Public, ); }; };
		15AD6CB8228BF85800B68F53 /* RMStore.m in Sources */ = {isa = PBXBuildFile; fileRef = A0AF3D1217A802F300D2E836 /* RMStore.m */; };
		8700D1C117DCA548005C8F5D /* NSNotification+RMStoreTests.m in Sources */ = {isa = PBXBuildFile; fileRef = 8700D1C017DCA548005C8F5D /* NSNotification+RMStoreTests.m */; };
		876046491812FB7500C9B78C /* RMStoreKeychainPersistence.m in Sources */ = {isa = PBXBuildFile; fileRef = 876046481812FB7500C9B78C /* RMStoreKeychainPersistence.m */; };
		8760464B18130CBB00C9B78C /* RMStoreKeychainPersistenceTests.m in Sources */ = {isa = PBXBuildFile; fileRef = 8760464A18130CBB00C9B78C /* RMStoreKeychainPersistenceTests.m */; };
		876631F9180EEBF40049B368 /* RMStoreTransaction.m in Sources */ = {isa = PBXBuildFile; fileRef = 876631F8180EEBF40049B368 /* RMStoreTransaction.m */; };
		8793E808180D512E005D7A66 /* RMAppReceipt.m in Sources */ = {isa = PBXBuildFile; fileRef = 8793E801180D512E005D7A66 /* RMAppReceipt.m */; };
		8793E809180D512E005D7A66 /* RMStoreAppReceiptVerifier.m in Sources */ = {isa = PBXBuildFile; fileRef = 8793E803180D512E005D7A66 /* RMStoreAppReceiptVerifier.m */; };
		87A2A3A0180D7B0400376773 /* RMAppReceiptTests.m in Sources */ = {isa = PBXBuildFile; fileRef = 87A2A39F180D7B0400376773 /* RMAppReceiptTests.m */; };
		87A2A3A3180D817600376773 /* RMAppReceiptIAPTests.m in Sources */ = {isa = PBXBuildFile; fileRef = 87A2A3A2180D817600376773 /* RMAppReceiptIAPTests.m */; };
		87A2A3A5180D82EF00376773 /* RMStoreAppReceiptVerifierTests.m in Sources */ = {isa = PBXBuildFile; fileRef = 87A2A3A4180D82EF00376773 /* RMStoreAppReceiptVerifierTests.m */; };
		87A2A3A9180E82BB00376773 /* RMStoreUserDefaultsPersistence.m in Sources */ = {isa = PBXBuildFile; fileRef = 87A2A3A8180E82BB00376773 /* RMStoreUserDefaultsPersistence.m */; };
		87A2A3AC180E8AF500376773 /* RMStoreUserDefaultsPersistenceTests.m in Sources */ = {isa = PBXBuildFile; fileRef = 87A2A3AB180E8AF500376773 /* RMStoreUserDefaultsPersistenceTests.m */; };
		87B7853F18105E6A00B5E54E /* RMStoreTransactionTests.m in Sources */ = {isa = PBXBuildFile; fileRef = 87B7853E18105E6A00B5E54E /* RMStoreTransactionTests.m */; };
		87BA4B9F1886E367004FD693 /* AppleIncRootCertificate.cer in Resources */ = {isa = PBXBuildFile; fileRef = 87BA4B9E1886E362004FD693 /* AppleIncRootCertificate.cer */; };
		87D5A74217DE893E000E2B6C /* RMProducstRequestDelegateTests.m in Sources */ = {isa = PBXBuildFile; fileRef = 87D5A74117DE893E000E2B6C /* RMProducstRequestDelegateTests.m */; };
		A0AF3D1117A802F300D2E836 /* RMStore.h in CopyFiles */ = {isa = PBXBuildFile; fileRef = A0AF3D1017A802F300D2E836 /* RMStore.h */; };
		A0AF3D1317A802F300D2E836 /* RMStore.m in Sources */ = {isa = PBXBuildFile; fileRef = A0AF3D1217A802F300D2E836 /* RMStore.m */; };
		A0AF3D2A17A802F300D2E836 /* RMStoreTests.m in Sources */ = {isa = PBXBuildFile; fileRef = A0AF3D2917A802F300D2E836 /* RMStoreTests.m */; };
		A0AF3D7D17A8085900D2E836 /* main.m in Sources */ = {isa = PBXBuildFile; fileRef = A0AF3D7C17A8085900D2E836 /* main.m */; };
		A0AF3D8117A8085900D2E836 /* RMAppDelegate.m in Sources */ = {isa = PBXBuildFile; fileRef = A0AF3D8017A8085900D2E836 /* RMAppDelegate.m */; };
		A0AF3DA317A8094600D2E836 /* RMStoreViewController.xib in Resources */ = {isa = PBXBuildFile; fileRef = A0AF3DA117A8094600D2E836 /* RMStoreViewController.xib */; };
		A0AF3DA817A8095F00D2E836 /* RMPurchasesViewController.xib in Resources */ = {isa = PBXBuildFile; fileRef = A0AF3DA617A8095F00D2E836 /* RMPurchasesViewController.xib */; };
		D00325E123983A4000D2A54B /* openssl.xcframework in Frameworks */ = {isa = PBXBuildFile; fileRef = D00325E023983A4000D2A54B /* openssl.xcframework */; };
		D00325E223983A4000D2A54B /* openssl.xcframework in Frameworks */ = {isa = PBXBuildFile; fileRef = D00325E023983A4000D2A54B /* openssl.xcframework */; };
		D00325E323983F7100D2A54B /* RMAppReceipt.h in CopyFiles */ = {isa = PBXBuildFile; fileRef = 8793E800180D512E005D7A66 /* RMAppReceipt.h */; };
		D00325E423983F7100D2A54B /* RMStoreAppReceiptVerifier.h in CopyFiles */ = {isa = PBXBuildFile; fileRef = 8793E802180D512E005D7A66 /* RMStoreAppReceiptVerifier.h */; };
		D00325E523983F7100D2A54B /* RMStoreKeychainPersistence.h in CopyFiles */ = {isa = PBXBuildFile; fileRef = 876046471812FB7500C9B78C /* RMStoreKeychainPersistence.h */; };
		D00325E623983F7100D2A54B /* RMStoreTransaction.h in CopyFiles */ = {isa = PBXBuildFile; fileRef = 876631F7180EEBF40049B368 /* RMStoreTransaction.h */; };
		D00325E723983F7100D2A54B /* RMStoreUserDefaultsPersistence.h in CopyFiles */ = {isa = PBXBuildFile; fileRef = 87A2A3A7180E82BB00376773 /* RMStoreUserDefaultsPersistence.h */; };
		D00325E823983F8A00D2A54B /* RMAppReceipt.h in CopyFiles */ = {isa = PBXBuildFile; fileRef = 8793E800180D512E005D7A66 /* RMAppReceipt.h */; };
		D00325E923983F8A00D2A54B /* RMStoreAppReceiptVerifier.h in CopyFiles */ = {isa = PBXBuildFile; fileRef = 8793E802180D512E005D7A66 /* RMStoreAppReceiptVerifier.h */; };
		D00325EA23983F8A00D2A54B /* RMStoreKeychainPersistence.h in CopyFiles */ = {isa = PBXBuildFile; fileRef = 876046471812FB7500C9B78C /* RMStoreKeychainPersistence.h */; };
		D00325EB23983F8A00D2A54B /* RMStoreTransaction.h in CopyFiles */ = {isa = PBXBuildFile; fileRef = 876631F7180EEBF40049B368 /* RMStoreTransaction.h */; };
		D00325EC23983F8A00D2A54B /* RMStoreUserDefaultsPersistence.h in CopyFiles */ = {isa = PBXBuildFile; fileRef = 87A2A3A7180E82BB00376773 /* RMStoreUserDefaultsPersistence.h */; };
		D00325ED2398403E00D2A54B /* openssl.xcframework in Frameworks */ = {isa = PBXBuildFile; fileRef = D00325E023983A4000D2A54B /* openssl.xcframework */; };
		D00325F02398404700D2A54B /* openssl.xcframework in Frameworks */ = {isa = PBXBuildFile; fileRef = D00325E023983A4000D2A54B /* openssl.xcframework */; };
		D0188DD9239FC8CA002CC46B /* AppDelegate.m in Sources */ = {isa = PBXBuildFile; fileRef = D0188DD8239FC8CA002CC46B /* AppDelegate.m */; };
		D0188DDF239FC8CA002CC46B /* ViewController.m in Sources */ = {isa = PBXBuildFile; fileRef = D0188DDE239FC8CA002CC46B /* ViewController.m */; };
		D0188DE2239FC8CA002CC46B /* Main.storyboard in Resources */ = {isa = PBXBuildFile; fileRef = D0188DE0239FC8CA002CC46B /* Main.storyboard */; };
		D0188DE7239FC8CC002CC46B /* LaunchScreen.storyboard in Resources */ = {isa = PBXBuildFile; fileRef = D0188DE5239FC8CC002CC46B /* LaunchScreen.storyboard */; };
		D0188DEA239FC8CC002CC46B /* main.m in Sources */ = {isa = PBXBuildFile; fileRef = D0188DE9239FC8CC002CC46B /* main.m */; };
		D0188E0123A01C28002CC46B /* RMStoreFramework.framework in Frameworks */ = {isa = PBXBuildFile; fileRef = D078FA902373554700982C56 /* RMStoreFramework.framework */; };
		D0188E0723A01CFC002CC46B /* RMStoreTests.m in Sources */ = {isa = PBXBuildFile; fileRef = A0AF3D2917A802F300D2E836 /* RMStoreTests.m */; };
		D0188E0823A01CFC002CC46B /* NSNotification+RMStoreTests.m in Sources */ = {isa = PBXBuildFile; fileRef = 8700D1C017DCA548005C8F5D /* NSNotification+RMStoreTests.m */; };
		D0188E0923A01CFC002CC46B /* RMAppReceiptIAPTests.m in Sources */ = {isa = PBXBuildFile; fileRef = 87A2A3A2180D817600376773 /* RMAppReceiptIAPTests.m */; };
		D0188E0A23A01CFC002CC46B /* RMAppReceiptTests.m in Sources */ = {isa = PBXBuildFile; fileRef = 87A2A39F180D7B0400376773 /* RMAppReceiptTests.m */; };
		D0188E0B23A01CFC002CC46B /* RMProducstRequestDelegateTests.m in Sources */ = {isa = PBXBuildFile; fileRef = 87D5A74117DE893E000E2B6C /* RMProducstRequestDelegateTests.m */; };
		D0188E0C23A01CFC002CC46B /* RMStoreAppReceiptVerifierTests.m in Sources */ = {isa = PBXBuildFile; fileRef = 87A2A3A4180D82EF00376773 /* RMStoreAppReceiptVerifierTests.m */; };
		D0188E0D23A01CFC002CC46B /* RMStoreTransactionTests.m in Sources */ = {isa = PBXBuildFile; fileRef = 87B7853E18105E6A00B5E54E /* RMStoreTransactionTests.m */; };
		D0188E0E23A01CFC002CC46B /* RMStoreKeychainPersistenceTests.m in Sources */ = {isa = PBXBuildFile; fileRef = 8760464A18130CBB00C9B78C /* RMStoreKeychainPersistenceTests.m */; };
		D0188E0F23A01CFC002CC46B /* RMStoreUserDefaultsPersistenceTests.m in Sources */ = {isa = PBXBuildFile; fileRef = 87A2A3AB180E8AF500376773 /* RMStoreUserDefaultsPersistenceTests.m */; };
		D0188E1023A01DBC002CC46B /* libOCMock_catalyst.a in Frameworks */ = {isa = PBXBuildFile; fileRef = D0EB86AA239E850300992915 /* libOCMock_catalyst.a */; };
		D0576EE023A801FD0097012E /* RMAppDelegate.m in Sources */ = {isa = PBXBuildFile; fileRef = A0AF3D8017A8085900D2E836 /* RMAppDelegate.m */; };
		D0576EE123A802010097012E /* main.m in Sources */ = {isa = PBXBuildFile; fileRef = A0AF3D7C17A8085900D2E836 /* main.m */; };
		D0576EE223A8020A0097012E /* RMPurchasesViewController.m in Sources */ = {isa = PBXBuildFile; fileRef = A0AF3DA517A8095F00D2E836 /* RMPurchasesViewController.m */; };
		D0576EE323A8020F0097012E /* RMStoreViewController.m in Sources */ = {isa = PBXBuildFile; fileRef = A0AF3DA017A8094600D2E836 /* RMStoreViewController.m */; };
		D0576EE823A8044E0097012E /* RMStoreViewController.xib in Resources */ = {isa = PBXBuildFile; fileRef = D0576EE623A8044E0097012E /* RMStoreViewController.xib */; };
		D0576EE923A8044E0097012E /* RMPurchasesViewController.xib in Resources */ = {isa = PBXBuildFile; fileRef = D0576EE723A8044E0097012E /* RMPurchasesViewController.xib */; };
		D0576EED23A8061A0097012E /* LaunchScreen.storyboard in Resources */ = {isa = PBXBuildFile; fileRef = D0B9B877239A8EF200CE9F0D /* LaunchScreen.storyboard */; };
		D05ADFA8237AE2D00018CD6A /* Launch Screen.storyboard in Resources */ = {isa = PBXBuildFile; fileRef = D05ADFA7237AE2D00018CD6A /* Launch Screen.storyboard */; };
		D06825852373A31C00EAF052 /* RMStore.m in Sources */ = {isa = PBXBuildFile; fileRef = A0AF3D1217A802F300D2E836 /* RMStore.m */; };
		D06825862373A31C00EAF052 /* RMStoreKeychainPersistence.m in Sources */ = {isa = PBXBuildFile; fileRef = 876046481812FB7500C9B78C /* RMStoreKeychainPersistence.m */; };
		D06825872373A31C00EAF052 /* RMStoreAppReceiptVerifier.m in Sources */ = {isa = PBXBuildFile; fileRef = 8793E803180D512E005D7A66 /* RMStoreAppReceiptVerifier.m */; };
		D06825882373A31C00EAF052 /* RMStoreUserDefaultsPersistence.m in Sources */ = {isa = PBXBuildFile; fileRef = 87A2A3A8180E82BB00376773 /* RMStoreUserDefaultsPersistence.m */; };
		D06825892373A31C00EAF052 /* RMAppReceipt.m in Sources */ = {isa = PBXBuildFile; fileRef = 8793E801180D512E005D7A66 /* RMAppReceipt.m */; };
		D068258A2373A31C00EAF052 /* RMStoreTransaction.m in Sources */ = {isa = PBXBuildFile; fileRef = 876631F8180EEBF40049B368 /* RMStoreTransaction.m */; };
		D06825912373A31C00EAF052 /* RMStore.h in CopyFiles */ = {isa = PBXBuildFile; fileRef = A0AF3D1017A802F300D2E836 /* RMStore.h */; };
		D0725EFE23A2B0460072C528 /* AppleIncRootCertificate.cer in Resources */ = {isa = PBXBuildFile; fileRef = 87BA4B9E1886E362004FD693 /* AppleIncRootCertificate.cer */; };
		D0725F0223A322340072C528 /* PurchasesViewController.m in Sources */ = {isa = PBXBuildFile; fileRef = D0725F0123A322340072C528 /* PurchasesViewController.m */; };
		D0725F0523A3225B0072C528 /* StoreViewController.m in Sources */ = {isa = PBXBuildFile; fileRef = D0725F0423A3225B0072C528 /* StoreViewController.m */; };
		D0B9B886239A95AD00CE9F0D /* RMStoreFramework.framework in Frameworks */ = {isa = PBXBuildFile; fileRef = D078FA902373554700982C56 /* RMStoreFramework.framework */; };
		D0B9B887239A95AD00CE9F0D /* RMStoreFramework.framework in Embed Frameworks */ = {isa = PBXBuildFile; fileRef = D078FA902373554700982C56 /* RMStoreFramework.framework */; settings = {ATTRIBUTES = (CodeSignOnCopy, RemoveHeadersOnCopy, ); }; };
		D0C4034E2379E0E600A12D3D /* AppDelegate.m in Sources */ = {isa = PBXBuildFile; fileRef = D078FA8323734C1300982C56 /* AppDelegate.m */; };
		D0C403502379E0ED00A12D3D /* main.m in Sources */ = {isa = PBXBuildFile; fileRef = D078FA8123734C1300982C56 /* main.m */; };
		D0C403522379E2A200A12D3D /* RMStore.m in Sources */ = {isa = PBXBuildFile; fileRef = A0AF3D1217A802F300D2E836 /* RMStore.m */; };
		D0C403532379E2A600A12D3D /* RMAppReceipt.m in Sources */ = {isa = PBXBuildFile; fileRef = 8793E801180D512E005D7A66 /* RMAppReceipt.m */; };
		D0C403542379E2AC00A12D3D /* RMStoreAppReceiptVerifier.m in Sources */ = {isa = PBXBuildFile; fileRef = 8793E803180D512E005D7A66 /* RMStoreAppReceiptVerifier.m */; };
		D0C403552379E2B000A12D3D /* RMStoreKeychainPersistence.m in Sources */ = {isa = PBXBuildFile; fileRef = 876046481812FB7500C9B78C /* RMStoreKeychainPersistence.m */; };
		D0C403562379E2B400A12D3D /* RMStoreTransaction.m in Sources */ = {isa = PBXBuildFile; fileRef = 876631F8180EEBF40049B368 /* RMStoreTransaction.m */; };
		D0C403572379E2B600A12D3D /* RMStoreUserDefaultsPersistence.m in Sources */ = {isa = PBXBuildFile; fileRef = 87A2A3A8180E82BB00376773 /* RMStoreUserDefaultsPersistence.m */; };
		D0C403582379E2D000A12D3D /* RMStoreFramework.h in Headers */ = {isa = PBXBuildFile; fileRef = 15AD6C9F228BF84E00B68F53 /* RMStoreFramework.h */; settings = {ATTRIBUTES = (Public, ); }; };
		D0C403592379E2E600A12D3D /* RMStore.h in Headers */ = {isa = PBXBuildFile; fileRef = A0AF3D1017A802F300D2E836 /* RMStore.h */; settings = {ATTRIBUTES = (Public, ); }; };
		D0C4035A2379E2EA00A12D3D /* RMAppReceipt.h in Headers */ = {isa = PBXBuildFile; fileRef = 8793E800180D512E005D7A66 /* RMAppReceipt.h */; settings = {ATTRIBUTES = (Public, ); }; };
		D0C4035B2379E2EC00A12D3D /* RMStoreAppReceiptVerifier.h in Headers */ = {isa = PBXBuildFile; fileRef = 8793E802180D512E005D7A66 /* RMStoreAppReceiptVerifier.h */; settings = {ATTRIBUTES = (Public, ); }; };
		D0C4035C2379E2EF00A12D3D /* RMStoreKeychainPersistence.h in Headers */ = {isa = PBXBuildFile; fileRef = 876046471812FB7500C9B78C /* RMStoreKeychainPersistence.h */; settings = {ATTRIBUTES = (Public, ); }; };
		D0C4035D2379E2F200A12D3D /* RMStoreTransaction.h in Headers */ = {isa = PBXBuildFile; fileRef = 876631F7180EEBF40049B368 /* RMStoreTransaction.h */; settings = {ATTRIBUTES = (Public, ); }; };
		D0C4035E2379E2F500A12D3D /* RMStoreUserDefaultsPersistence.h in Headers */ = {isa = PBXBuildFile; fileRef = 87A2A3A7180E82BB00376773 /* RMStoreUserDefaultsPersistence.h */; settings = {ATTRIBUTES = (Public, ); }; };
		D0C403602379E35400A12D3D /* AppleIncRootCertificate.cer in Resources */ = {isa = PBXBuildFile; fileRef = 87BA4B9E1886E362004FD693 /* AppleIncRootCertificate.cer */; };
		D0C403632379E54900A12D3D /* Main.storyboard in Resources */ = {isa = PBXBuildFile; fileRef = D078FA7F23734C1300982C56 /* Main.storyboard */; };
		D0C4036B2379EAA600A12D3D /* RMStoreFramework.framework in Frameworks */ = {isa = PBXBuildFile; fileRef = 15AD6C9D228BF84E00B68F53 /* RMStoreFramework.framework */; };
		D0C4036C2379ED3100A12D3D /* RMPurchasesViewController.m in Sources */ = {isa = PBXBuildFile; fileRef = A0AF3DA517A8095F00D2E836 /* RMPurchasesViewController.m */; };
		D0C4036D2379ED3600A12D3D /* RMStoreViewController.m in Sources */ = {isa = PBXBuildFile; fileRef = A0AF3DA017A8094600D2E836 /* RMStoreViewController.m */; };
		D0C4036E2379F54500A12D3D /* StoreKit.framework in Frameworks */ = {isa = PBXBuildFile; fileRef = D0C403692379EA7600A12D3D /* StoreKit.framework */; };
		D0C403A4237A14B500A12D3D /* RMStoreFramework.framework in Frameworks */ = {isa = PBXBuildFile; fileRef = 15AD6C9D228BF84E00B68F53 /* RMStoreFramework.framework */; };
		D0EB86AC239E850400992915 /* libOCMock_catalyst.a in Frameworks */ = {isa = PBXBuildFile; fileRef = D0EB86AA239E850300992915 /* libOCMock_catalyst.a */; platformFilter = maccatalyst; };
		D0EB86AD239E850400992915 /* libOCMock_ios.a in Frameworks */ = {isa = PBXBuildFile; fileRef = D0EB86AB239E850400992915 /* libOCMock_ios.a */; platformFilter = ios; };
		D0EB86BA239E870900992915 /* RMStoreFramework.framework in Frameworks */ = {isa = PBXBuildFile; fileRef = D0EB86B3239E870900992915 /* RMStoreFramework.framework */; };
		D0EB86BB239E870900992915 /* RMStoreFramework.framework in Embed Frameworks */ = {isa = PBXBuildFile; fileRef = D0EB86B3239E870900992915 /* RMStoreFramework.framework */; settings = {ATTRIBUTES = (CodeSignOnCopy, RemoveHeadersOnCopy, ); }; };
		D0EB86C1239E894E00992915 /* RMStoreFramework.h in Headers */ = {isa = PBXBuildFile; fileRef = 15AD6C9F228BF84E00B68F53 /* RMStoreFramework.h */; settings = {ATTRIBUTES = (Public, ); }; };
		D0EB86C2239E896300992915 /* RMStore.h in Headers */ = {isa = PBXBuildFile; fileRef = A0AF3D1017A802F300D2E836 /* RMStore.h */; settings = {ATTRIBUTES = (Public, ); }; };
		D0EB86C3239E896800992915 /* RMAppReceipt.h in Headers */ = {isa = PBXBuildFile; fileRef = 8793E800180D512E005D7A66 /* RMAppReceipt.h */; settings = {ATTRIBUTES = (Public, ); }; };
		D0EB86C4239E896B00992915 /* RMStoreAppReceiptVerifier.h in Headers */ = {isa = PBXBuildFile; fileRef = 8793E802180D512E005D7A66 /* RMStoreAppReceiptVerifier.h */; settings = {ATTRIBUTES = (Public, ); }; };
		D0EB86C5239E896F00992915 /* RMStoreKeychainPersistence.h in Headers */ = {isa = PBXBuildFile; fileRef = 876046471812FB7500C9B78C /* RMStoreKeychainPersistence.h */; settings = {ATTRIBUTES = (Public, ); }; };
		D0EB86C6239E897500992915 /* RMStoreTransaction.h in Headers */ = {isa = PBXBuildFile; fileRef = 876631F7180EEBF40049B368 /* RMStoreTransaction.h */; settings = {ATTRIBUTES = (Public, ); }; };
		D0EB86C7239E897800992915 /* RMStoreUserDefaultsPersistence.h in Headers */ = {isa = PBXBuildFile; fileRef = 87A2A3A7180E82BB00376773 /* RMStoreUserDefaultsPersistence.h */; settings = {ATTRIBUTES = (Public, ); }; };
		D0EB86C8239E89AD00992915 /* RMStore.m in Sources */ = {isa = PBXBuildFile; fileRef = A0AF3D1217A802F300D2E836 /* RMStore.m */; };
		D0EB86C9239E89B200992915 /* RMAppReceipt.m in Sources */ = {isa = PBXBuildFile; fileRef = 8793E801180D512E005D7A66 /* RMAppReceipt.m */; };
		D0EB86CA239E89B900992915 /* RMStoreAppReceiptVerifier.m in Sources */ = {isa = PBXBuildFile; fileRef = 8793E803180D512E005D7A66 /* RMStoreAppReceiptVerifier.m */; };
		D0EB86CB239E89C100992915 /* RMStoreKeychainPersistence.m in Sources */ = {isa = PBXBuildFile; fileRef = 876046481812FB7500C9B78C /* RMStoreKeychainPersistence.m */; };
		D0EB86CC239E89C600992915 /* RMStoreTransaction.m in Sources */ = {isa = PBXBuildFile; fileRef = 876631F8180EEBF40049B368 /* RMStoreTransaction.m */; };
		D0EB86CD239E89C800992915 /* RMStoreUserDefaultsPersistence.m in Sources */ = {isa = PBXBuildFile; fileRef = 87A2A3A8180E82BB00376773 /* RMStoreUserDefaultsPersistence.m */; };
		D0EB86CE239E89DC00992915 /* openssl.xcframework in Frameworks */ = {isa = PBXBuildFile; fileRef = D00325E023983A4000D2A54B /* openssl.xcframework */; };
		D0EB86D0239E89E600992915 /* StoreKit.framework in Frameworks */ = {isa = PBXBuildFile; fileRef = D0EB86CF239E89E600992915 /* StoreKit.framework */; };
/* End PBXBuildFile section */

/* Begin PBXContainerItemProxy section */
		15AD6CA2228BF84E00B68F53 /* PBXContainerItemProxy */ = {
			isa = PBXContainerItemProxy;
			containerPortal = A0AF3D0017A802F300D2E836 /* Project object */;
			proxyType = 1;
			remoteGlobalIDString = 15AD6C9C228BF84E00B68F53;
			remoteInfo = RMStoreFramework;
		};
		D0188DEF239FC93F002CC46B /* PBXContainerItemProxy */ = {
			isa = PBXContainerItemProxy;
			containerPortal = A0AF3D0017A802F300D2E836 /* Project object */;
			proxyType = 1;
			remoteGlobalIDString = D0188DD4239FC8CA002CC46B;
			remoteInfo = RMStoreTestsHost;
		};
		D0188E0223A01C28002CC46B /* PBXContainerItemProxy */ = {
			isa = PBXContainerItemProxy;
			containerPortal = A0AF3D0017A802F300D2E836 /* Project object */;
			proxyType = 1;
			remoteGlobalIDString = D078FA8F2373554700982C56;
			remoteInfo = "RMStoreFramework (macOS)";
		};
		D0C4034C2379E0E000A12D3D /* PBXContainerItemProxy */ = {
			isa = PBXContainerItemProxy;
			containerPortal = A0AF3D0017A802F300D2E836 /* Project object */;
			proxyType = 1;
			remoteGlobalIDString = D078FA8F2373554700982C56;
			remoteInfo = "RMStoreFramework-macOS";
		};
		D0C403A5237A14C800A12D3D /* PBXContainerItemProxy */ = {
			isa = PBXContainerItemProxy;
			containerPortal = A0AF3D0017A802F300D2E836 /* Project object */;
			proxyType = 1;
			remoteGlobalIDString = 15AD6C9C228BF84E00B68F53;
			remoteInfo = "RMStoreFramework (iOS)";
		};
		D0EB86B8239E870900992915 /* PBXContainerItemProxy */ = {
			isa = PBXContainerItemProxy;
			containerPortal = A0AF3D0017A802F300D2E836 /* Project object */;
			proxyType = 1;
			remoteGlobalIDString = D0EB86B2239E870900992915;
			remoteInfo = RMStoreFramework;
		};
/* End PBXContainerItemProxy section */

/* Begin PBXCopyFilesBuildPhase section */
		15AD6CA9228BF84E00B68F53 /* Embed Frameworks */ = {
			isa = PBXCopyFilesBuildPhase;
			buildActionMask = 2147483647;
			dstPath = "";
			dstSubfolderSpec = 10;
			files = (
				15AD6CA5228BF84E00B68F53 /* RMStoreFramework.framework in Embed Frameworks */,
			);
			name = "Embed Frameworks";
			runOnlyForDeploymentPostprocessing = 0;
		};
		A0AF3D0617A802F300D2E836 /* CopyFiles */ = {
			isa = PBXCopyFilesBuildPhase;
			buildActionMask = 2147483647;
			dstPath = "include/${PRODUCT_NAME}";
			dstSubfolderSpec = 16;
			files = (
				A0AF3D1117A802F300D2E836 /* RMStore.h in CopyFiles */,
				D00325E323983F7100D2A54B /* RMAppReceipt.h in CopyFiles */,
				D00325E423983F7100D2A54B /* RMStoreAppReceiptVerifier.h in CopyFiles */,
				D00325E623983F7100D2A54B /* RMStoreTransaction.h in CopyFiles */,
				D00325E523983F7100D2A54B /* RMStoreKeychainPersistence.h in CopyFiles */,
				D00325E723983F7100D2A54B /* RMStoreUserDefaultsPersistence.h in CopyFiles */,
			);
			runOnlyForDeploymentPostprocessing = 0;
		};
		D06825902373A31C00EAF052 /* CopyFiles */ = {
			isa = PBXCopyFilesBuildPhase;
			buildActionMask = 2147483647;
			dstPath = "include/${PRODUCT_NAME}";
			dstSubfolderSpec = 16;
			files = (
				D00325E823983F8A00D2A54B /* RMAppReceipt.h in CopyFiles */,
				D00325E923983F8A00D2A54B /* RMStoreAppReceiptVerifier.h in CopyFiles */,
				D00325EA23983F8A00D2A54B /* RMStoreKeychainPersistence.h in CopyFiles */,
				D00325EB23983F8A00D2A54B /* RMStoreTransaction.h in CopyFiles */,
				D00325EC23983F8A00D2A54B /* RMStoreUserDefaultsPersistence.h in CopyFiles */,
				D06825912373A31C00EAF052 /* RMStore.h in CopyFiles */,
			);
			runOnlyForDeploymentPostprocessing = 0;
		};
		D0B9B888239A95AD00CE9F0D /* Embed Frameworks */ = {
			isa = PBXCopyFilesBuildPhase;
			buildActionMask = 2147483647;
			dstPath = "";
			dstSubfolderSpec = 10;
			files = (
				D0B9B887239A95AD00CE9F0D /* RMStoreFramework.framework in Embed Frameworks */,
			);
			name = "Embed Frameworks";
			runOnlyForDeploymentPostprocessing = 0;
		};
		D0EB86BF239E870900992915 /* Embed Frameworks */ = {
			isa = PBXCopyFilesBuildPhase;
			buildActionMask = 2147483647;
			dstPath = "";
			dstSubfolderSpec = 10;
			files = (
				D0EB86BB239E870900992915 /* RMStoreFramework.framework in Embed Frameworks */,
			);
			name = "Embed Frameworks";
			runOnlyForDeploymentPostprocessing = 0;
		};
/* End PBXCopyFilesBuildPhase section */

/* Begin PBXFileReference section */
		15AD6C9D228BF84E00B68F53 /* RMStoreFramework.framework */ = {isa = PBXFileReference; explicitFileType = wrapper.framework; includeInIndex = 0; path = RMStoreFramework.framework; sourceTree = BUILT_PRODUCTS_DIR; };
		15AD6C9F228BF84E00B68F53 /* RMStoreFramework.h */ = {isa = PBXFileReference; lastKnownFileType = sourcecode.c.h; path = RMStoreFramework.h; sourceTree = "<group>"; };
		15AD6CA0228BF84E00B68F53 /* RMStoreFramework-Info.plist */ = {isa = PBXFileReference; lastKnownFileType = text.plist.xml; path = "RMStoreFramework-Info.plist"; sourceTree = "<group>"; };
		8700D1C017DCA548005C8F5D /* NSNotification+RMStoreTests.m */ = {isa = PBXFileReference; fileEncoding = 4; lastKnownFileType = sourcecode.c.objc; path = "NSNotification+RMStoreTests.m"; sourceTree = "<group>"; };
		876046471812FB7500C9B78C /* RMStoreKeychainPersistence.h */ = {isa = PBXFileReference; fileEncoding = 4; lastKnownFileType = sourcecode.c.h; path = RMStoreKeychainPersistence.h; sourceTree = "<group>"; };
		876046481812FB7500C9B78C /* RMStoreKeychainPersistence.m */ = {isa = PBXFileReference; fileEncoding = 4; lastKnownFileType = sourcecode.c.objc; path = RMStoreKeychainPersistence.m; sourceTree = "<group>"; };
		8760464A18130CBB00C9B78C /* RMStoreKeychainPersistenceTests.m */ = {isa = PBXFileReference; fileEncoding = 4; lastKnownFileType = sourcecode.c.objc; path = RMStoreKeychainPersistenceTests.m; sourceTree = "<group>"; };
		876631F7180EEBF40049B368 /* RMStoreTransaction.h */ = {isa = PBXFileReference; fileEncoding = 4; lastKnownFileType = sourcecode.c.h; path = RMStoreTransaction.h; sourceTree = "<group>"; };
		876631F8180EEBF40049B368 /* RMStoreTransaction.m */ = {isa = PBXFileReference; fileEncoding = 4; lastKnownFileType = sourcecode.c.objc; path = RMStoreTransaction.m; sourceTree = "<group>"; };
		8793E800180D512E005D7A66 /* RMAppReceipt.h */ = {isa = PBXFileReference; fileEncoding = 4; lastKnownFileType = sourcecode.c.h; path = RMAppReceipt.h; sourceTree = "<group>"; };
		8793E801180D512E005D7A66 /* RMAppReceipt.m */ = {isa = PBXFileReference; fileEncoding = 4; lastKnownFileType = sourcecode.c.objc; path = RMAppReceipt.m; sourceTree = "<group>"; };
		8793E802180D512E005D7A66 /* RMStoreAppReceiptVerifier.h */ = {isa = PBXFileReference; fileEncoding = 4; lastKnownFileType = sourcecode.c.h; path = RMStoreAppReceiptVerifier.h; sourceTree = "<group>"; };
		8793E803180D512E005D7A66 /* RMStoreAppReceiptVerifier.m */ = {isa = PBXFileReference; fileEncoding = 4; lastKnownFileType = sourcecode.c.objc; path = RMStoreAppReceiptVerifier.m; sourceTree = "<group>"; };
		87A2A39F180D7B0400376773 /* RMAppReceiptTests.m */ = {isa = PBXFileReference; fileEncoding = 4; lastKnownFileType = sourcecode.c.objc; path = RMAppReceiptTests.m; sourceTree = "<group>"; };
		87A2A3A1180D7E2900376773 /* RMStoreTests-Prefix.pch */ = {isa = PBXFileReference; fileEncoding = 4; lastKnownFileType = sourcecode.c.h; path = "RMStoreTests-Prefix.pch"; sourceTree = "<group>"; };
		87A2A3A2180D817600376773 /* RMAppReceiptIAPTests.m */ = {isa = PBXFileReference; fileEncoding = 4; lastKnownFileType = sourcecode.c.objc; path = RMAppReceiptIAPTests.m; sourceTree = "<group>"; };
		87A2A3A4180D82EF00376773 /* RMStoreAppReceiptVerifierTests.m */ = {isa = PBXFileReference; fileEncoding = 4; lastKnownFileType = sourcecode.c.objc; path = RMStoreAppReceiptVerifierTests.m; sourceTree = "<group>"; };
		87A2A3A7180E82BB00376773 /* RMStoreUserDefaultsPersistence.h */ = {isa = PBXFileReference; fileEncoding = 4; lastKnownFileType = sourcecode.c.h; path = RMStoreUserDefaultsPersistence.h; sourceTree = "<group>"; };
		87A2A3A8180E82BB00376773 /* RMStoreUserDefaultsPersistence.m */ = {isa = PBXFileReference; fileEncoding = 4; lastKnownFileType = sourcecode.c.objc; path = RMStoreUserDefaultsPersistence.m; sourceTree = "<group>"; };
		87A2A3AB180E8AF500376773 /* RMStoreUserDefaultsPersistenceTests.m */ = {isa = PBXFileReference; fileEncoding = 4; lastKnownFileType = sourcecode.c.objc; path = RMStoreUserDefaultsPersistenceTests.m; sourceTree = "<group>"; };
		87B7853E18105E6A00B5E54E /* RMStoreTransactionTests.m */ = {isa = PBXFileReference; fileEncoding = 4; lastKnownFileType = sourcecode.c.objc; path = RMStoreTransactionTests.m; sourceTree = "<group>"; };
		87BA4B9E1886E362004FD693 /* AppleIncRootCertificate.cer */ = {isa = PBXFileReference; lastKnownFileType = file; path = AppleIncRootCertificate.cer; sourceTree = "<group>"; };
		87D5A74117DE893E000E2B6C /* RMProducstRequestDelegateTests.m */ = {isa = PBXFileReference; fileEncoding = 4; lastKnownFileType = sourcecode.c.objc; path = RMProducstRequestDelegateTests.m; sourceTree = "<group>"; };
		A0AF3D0817A802F300D2E836 /* libRMStore.a */ = {isa = PBXFileReference; explicitFileType = archive.ar; includeInIndex = 0; path = libRMStore.a; sourceTree = BUILT_PRODUCTS_DIR; };
		A0AF3D1017A802F300D2E836 /* RMStore.h */ = {isa = PBXFileReference; lastKnownFileType = sourcecode.c.h; path = RMStore.h; sourceTree = "<group>"; };
		A0AF3D1217A802F300D2E836 /* RMStore.m */ = {isa = PBXFileReference; lastKnownFileType = sourcecode.c.objc; path = RMStore.m; sourceTree = "<group>"; };
		A0AF3D1917A802F300D2E836 /* RMStoreTests.xctest */ = {isa = PBXFileReference; explicitFileType = wrapper.cfbundle; includeInIndex = 0; path = RMStoreTests.xctest; sourceTree = BUILT_PRODUCTS_DIR; };
		A0AF3D2417A802F300D2E836 /* RMStoreTests-Info.plist */ = {isa = PBXFileReference; lastKnownFileType = text.plist.xml; path = "RMStoreTests-Info.plist"; sourceTree = "<group>"; };
		A0AF3D2917A802F300D2E836 /* RMStoreTests.m */ = {isa = PBXFileReference; lastKnownFileType = sourcecode.c.objc; path = RMStoreTests.m; sourceTree = "<group>"; };
		A0AF3D7217A8085900D2E836 /* RMStoreDemo.app */ = {isa = PBXFileReference; explicitFileType = wrapper.application; includeInIndex = 0; path = RMStoreDemo.app; sourceTree = BUILT_PRODUCTS_DIR; };
		A0AF3D7817A8085900D2E836 /* Info.plist */ = {isa = PBXFileReference; lastKnownFileType = text.plist.xml; path = Info.plist; sourceTree = "<group>"; };
		A0AF3D7C17A8085900D2E836 /* main.m */ = {isa = PBXFileReference; lastKnownFileType = sourcecode.c.objc; path = main.m; sourceTree = "<group>"; };
		A0AF3D7F17A8085900D2E836 /* RMAppDelegate.h */ = {isa = PBXFileReference; lastKnownFileType = sourcecode.c.h; path = RMAppDelegate.h; sourceTree = "<group>"; };
		A0AF3D8017A8085900D2E836 /* RMAppDelegate.m */ = {isa = PBXFileReference; lastKnownFileType = sourcecode.c.objc; path = RMAppDelegate.m; sourceTree = "<group>"; };
		A0AF3D9F17A8094600D2E836 /* RMStoreViewController.h */ = {isa = PBXFileReference; fileEncoding = 4; lastKnownFileType = sourcecode.c.h; path = RMStoreViewController.h; sourceTree = "<group>"; };
		A0AF3DA017A8094600D2E836 /* RMStoreViewController.m */ = {isa = PBXFileReference; fileEncoding = 4; lastKnownFileType = sourcecode.c.objc; path = RMStoreViewController.m; sourceTree = "<group>"; };
		A0AF3DA117A8094600D2E836 /* RMStoreViewController.xib */ = {isa = PBXFileReference; fileEncoding = 4; lastKnownFileType = file.xib; path = RMStoreViewController.xib; sourceTree = "<group>"; };
		A0AF3DA417A8095F00D2E836 /* RMPurchasesViewController.h */ = {isa = PBXFileReference; fileEncoding = 4; lastKnownFileType = sourcecode.c.h; path = RMPurchasesViewController.h; sourceTree = "<group>"; };
		A0AF3DA517A8095F00D2E836 /* RMPurchasesViewController.m */ = {isa = PBXFileReference; fileEncoding = 4; lastKnownFileType = sourcecode.c.objc; path = RMPurchasesViewController.m; sourceTree = "<group>"; };
		A0AF3DA617A8095F00D2E836 /* RMPurchasesViewController.xib */ = {isa = PBXFileReference; fileEncoding = 4; lastKnownFileType = file.xib; path = RMPurchasesViewController.xib; sourceTree = "<group>"; };
		D00325E023983A4000D2A54B /* openssl.xcframework */ = {isa = PBXFileReference; lastKnownFileType = wrapper.xcframework; name = openssl.xcframework; path = "Carthage/Build/Mac/OpenSSL-ContainerFramework.framework/Versions/A/Resources/openssl-xcframeworks/xcframework-static/openssl.xcframework"; sourceTree = "<group>"; };
		D0188DD5239FC8CA002CC46B /* RMStoreTestsHost.app */ = {isa = PBXFileReference; explicitFileType = wrapper.application; includeInIndex = 0; path = RMStoreTestsHost.app; sourceTree = BUILT_PRODUCTS_DIR; };
		D0188DD7239FC8CA002CC46B /* AppDelegate.h */ = {isa = PBXFileReference; lastKnownFileType = sourcecode.c.h; path = AppDelegate.h; sourceTree = "<group>"; };
		D0188DD8239FC8CA002CC46B /* AppDelegate.m */ = {isa = PBXFileReference; lastKnownFileType = sourcecode.c.objc; path = AppDelegate.m; sourceTree = "<group>"; };
		D0188DDD239FC8CA002CC46B /* ViewController.h */ = {isa = PBXFileReference; lastKnownFileType = sourcecode.c.h; path = ViewController.h; sourceTree = "<group>"; };
		D0188DDE239FC8CA002CC46B /* ViewController.m */ = {isa = PBXFileReference; lastKnownFileType = sourcecode.c.objc; path = ViewController.m; sourceTree = "<group>"; };
		D0188DE1239FC8CA002CC46B /* Base */ = {isa = PBXFileReference; lastKnownFileType = file.storyboard; name = Base; path = Base.lproj/Main.storyboard; sourceTree = "<group>"; };
		D0188DE6239FC8CC002CC46B /* Base */ = {isa = PBXFileReference; lastKnownFileType = file.storyboard; name = Base; path = Base.lproj/LaunchScreen.storyboard; sourceTree = "<group>"; };
		D0188DE8239FC8CC002CC46B /* Info.plist */ = {isa = PBXFileReference; lastKnownFileType = text.plist.xml; path = Info.plist; sourceTree = "<group>"; };
		D0188DE9239FC8CC002CC46B /* main.m */ = {isa = PBXFileReference; lastKnownFileType = sourcecode.c.objc; path = main.m; sourceTree = "<group>"; };
		D0188DEE239FC8FC002CC46B /* RMStoreTestsHost.entitlements */ = {isa = PBXFileReference; lastKnownFileType = text.plist.entitlements; path = RMStoreTestsHost.entitlements; sourceTree = "<group>"; };
		D0188DF323A00DDB002CC46B /* RMStoreTestsHost.xcconfig */ = {isa = PBXFileReference; lastKnownFileType = text.xcconfig; path = RMStoreTestsHost.xcconfig; sourceTree = "<group>"; };
		D0188DFC23A01C28002CC46B /* RMStoreTestsMacOS.xctest */ = {isa = PBXFileReference; explicitFileType = wrapper.cfbundle; includeInIndex = 0; path = RMStoreTestsMacOS.xctest; sourceTree = BUILT_PRODUCTS_DIR; };
		D0188E0023A01C28002CC46B /* RMStoreTestMacOS-Info.plist */ = {isa = PBXFileReference; lastKnownFileType = text.plist.xml; path = "RMStoreTestMacOS-Info.plist"; sourceTree = "<group>"; };
		D0188E1123A01F25002CC46B /* RMStoreTestsMacOS.xcconfig */ = {isa = PBXFileReference; lastKnownFileType = text.xcconfig; path = RMStoreTestsMacOS.xcconfig; sourceTree = "<group>"; };
		D0188E1223A02478002CC46B /* README.md */ = {isa = PBXFileReference; lastKnownFileType = net.daringfireball.markdown; path = README.md; sourceTree = "<group>"; };
		D0576EE623A8044E0097012E /* RMStoreViewController.xib */ = {isa = PBXFileReference; fileEncoding = 4; lastKnownFileType = file.xib; path = RMStoreViewController.xib; sourceTree = "<group>"; };
		D0576EE723A8044E0097012E /* RMPurchasesViewController.xib */ = {isa = PBXFileReference; fileEncoding = 4; lastKnownFileType = file.xib; path = RMPurchasesViewController.xib; sourceTree = "<group>"; };
		D05ADFA7237AE2D00018CD6A /* Launch Screen.storyboard */ = {isa = PBXFileReference; lastKnownFileType = file.storyboard; path = "Launch Screen.storyboard"; sourceTree = "<group>"; };
		D064399723A858BA0083EF25 /* README.md */ = {isa = PBXFileReference; lastKnownFileType = net.daringfireball.markdown; path = README.md; sourceTree = "<group>"; };
		D064399823A858C90083EF25 /* README.md */ = {isa = PBXFileReference; lastKnownFileType = net.daringfireball.markdown; path = README.md; sourceTree = "<group>"; };
		D064399E23A85E0E0083EF25 /* RMStore-ContainerFramework.framework */ = {isa = PBXFileReference; explicitFileType = wrapper.framework; includeInIndex = 0; path = "RMStore-ContainerFramework.framework"; sourceTree = BUILT_PRODUCTS_DIR; };
		D06439AD23A85EB70083EF25 /* RMStore_ContainerFramework-Info.plist */ = {isa = PBXFileReference; fileEncoding = 4; lastKnownFileType = text.plist.xml; path = "RMStore_ContainerFramework-Info.plist"; sourceTree = "<group>"; };
		D06439AF23A85EC70083EF25 /* RMStore_ContainerFramework.h */ = {isa = PBXFileReference; fileEncoding = 4; lastKnownFileType = sourcecode.c.h; path = RMStore_ContainerFramework.h; sourceTree = "<group>"; };
		D06825952373A31C00EAF052 /* libRMStore.a */ = {isa = PBXFileReference; explicitFileType = archive.ar; includeInIndex = 0; path = libRMStore.a; sourceTree = BUILT_PRODUCTS_DIR; };
		D0725F0023A322340072C528 /* PurchasesViewController.h */ = {isa = PBXFileReference; lastKnownFileType = sourcecode.c.h; path = PurchasesViewController.h; sourceTree = "<group>"; };
		D0725F0123A322340072C528 /* PurchasesViewController.m */ = {isa = PBXFileReference; lastKnownFileType = sourcecode.c.objc; path = PurchasesViewController.m; sourceTree = "<group>"; };
		D0725F0323A3225B0072C528 /* StoreViewController.h */ = {isa = PBXFileReference; lastKnownFileType = sourcecode.c.h; path = StoreViewController.h; sourceTree = "<group>"; };
		D0725F0423A3225B0072C528 /* StoreViewController.m */ = {isa = PBXFileReference; lastKnownFileType = sourcecode.c.objc; path = StoreViewController.m; sourceTree = "<group>"; };
		D0725F0623A322AA0072C528 /* RMStoreDemo-macOS.entitlements */ = {isa = PBXFileReference; lastKnownFileType = text.plist.entitlements; path = "RMStoreDemo-macOS.entitlements"; sourceTree = "<group>"; };
		D078FA7C23734C1300982C56 /* AppDelegate.h */ = {isa = PBXFileReference; lastKnownFileType = sourcecode.c.h; path = AppDelegate.h; sourceTree = "<group>"; };
		D078FA8023734C1300982C56 /* Base */ = {isa = PBXFileReference; lastKnownFileType = file.storyboard; name = Base; path = Base.lproj/Main.storyboard; sourceTree = "<group>"; };
		D078FA8123734C1300982C56 /* main.m */ = {isa = PBXFileReference; lastKnownFileType = sourcecode.c.objc; path = main.m; sourceTree = "<group>"; };
		D078FA8323734C1300982C56 /* AppDelegate.m */ = {isa = PBXFileReference; lastKnownFileType = sourcecode.c.objc; path = AppDelegate.m; sourceTree = "<group>"; };
		D078FA8423734C1300982C56 /* Info.plist */ = {isa = PBXFileReference; lastKnownFileType = text.plist.xml; path = Info.plist; sourceTree = "<group>"; };
		D078FA8623734C4B00982C56 /* Cartfile */ = {isa = PBXFileReference; lastKnownFileType = text; path = Cartfile; sourceTree = "<group>"; };
		D078FA8723734C5500982C56 /* CONTRIBUTING.md */ = {isa = PBXFileReference; lastKnownFileType = net.daringfireball.markdown; path = CONTRIBUTING.md; sourceTree = "<group>"; xcLanguageSpecificationIdentifier = "<none>"; };
		D078FA8823734C5B00982C56 /* LICENSE */ = {isa = PBXFileReference; lastKnownFileType = text; path = LICENSE; sourceTree = "<group>"; };
		D078FA8923734C6700982C56 /* README.md */ = {isa = PBXFileReference; lastKnownFileType = net.daringfireball.markdown; path = README.md; sourceTree = "<group>"; xcLanguageSpecificationIdentifier = "<none>"; };
		D078FA902373554700982C56 /* RMStoreFramework.framework */ = {isa = PBXFileReference; explicitFileType = wrapper.framework; includeInIndex = 0; path = RMStoreFramework.framework; sourceTree = BUILT_PRODUCTS_DIR; };
		D078FA9D2373574A00982C56 /* RMStoreDemo (macOS).app */ = {isa = PBXFileReference; explicitFileType = wrapper.application; includeInIndex = 0; path = "RMStoreDemo (macOS).app"; sourceTree = BUILT_PRODUCTS_DIR; };
		D07E3C89237EF6BB00BBAE5B /* RMStoreDemo (iOS).entitlements */ = {isa = PBXFileReference; lastKnownFileType = text.plist.entitlements; path = "RMStoreDemo (iOS).entitlements"; sourceTree = "<group>"; };
		D07E3C8B237F00C300BBAE5B /* RMStore.xcconfig */ = {isa = PBXFileReference; lastKnownFileType = text.xcconfig; path = RMStore.xcconfig; sourceTree = "<group>"; };
		D07E3C8E237F1EE000BBAE5B /* RMStoreFramework-macOS.xcconfig */ = {isa = PBXFileReference; lastKnownFileType = text.xcconfig; path = "RMStoreFramework-macOS.xcconfig"; sourceTree = "<group>"; };
		D07E3C8F237F311000BBAE5B /* RMStoreFramework-iOS.xcconfig */ = {isa = PBXFileReference; lastKnownFileType = text.xcconfig; path = "RMStoreFramework-iOS.xcconfig"; sourceTree = "<group>"; };
		D07E3C90237F32B200BBAE5B /* RMStoreLib-iOS.xcconfig */ = {isa = PBXFileReference; lastKnownFileType = text.xcconfig; path = "RMStoreLib-iOS.xcconfig"; sourceTree = "<group>"; };
		D07E3C91237F32B200BBAE5B /* RMStoreLib-macOS.xcconfig */ = {isa = PBXFileReference; lastKnownFileType = text.xcconfig; path = "RMStoreLib-macOS.xcconfig"; sourceTree = "<group>"; };
		D07E3C92237F35F900BBAE5B /* RMStoreTests.xcconfig */ = {isa = PBXFileReference; lastKnownFileType = text.xcconfig; path = RMStoreTests.xcconfig; sourceTree = "<group>"; };
		D07E3C93237F362C00BBAE5B /* RMStoreDemo-iOS.xcconfig */ = {isa = PBXFileReference; lastKnownFileType = text.xcconfig; path = "RMStoreDemo-iOS.xcconfig"; sourceTree = "<group>"; };
		D07E3C94237F362C00BBAE5B /* RMStoreDemo-macOS.xcconfig */ = {isa = PBXFileReference; lastKnownFileType = text.xcconfig; path = "RMStoreDemo-macOS.xcconfig"; sourceTree = "<group>"; };
		D0B9B86A239A8EF000CE9F0D /* RMStoreDemo.app */ = {isa = PBXFileReference; explicitFileType = wrapper.application; includeInIndex = 0; path = RMStoreDemo.app; sourceTree = BUILT_PRODUCTS_DIR; };
		D0B9B878239A8EF200CE9F0D /* Base */ = {isa = PBXFileReference; lastKnownFileType = file.storyboard; name = Base; path = Base.lproj/LaunchScreen.storyboard; sourceTree = "<group>"; };
		D0B9B87A239A8EF200CE9F0D /* Info.plist */ = {isa = PBXFileReference; lastKnownFileType = text.plist.xml; path = Info.plist; sourceTree = "<group>"; };
		D0B9B880239A8F4200CE9F0D /* RMStoreDemo-tvOS.xcconfig */ = {isa = PBXFileReference; lastKnownFileType = text.xcconfig; path = "RMStoreDemo-tvOS.xcconfig"; sourceTree = "<group>"; };
		D0C403692379EA7600A12D3D /* StoreKit.framework */ = {isa = PBXFileReference; lastKnownFileType = wrapper.framework; name = StoreKit.framework; path = Platforms/MacOSX.platform/Developer/SDKs/MacOSX10.15.sdk/System/Library/Frameworks/StoreKit.framework; sourceTree = DEVELOPER_DIR; };
		D0EB86A0239E84ED00992915 /* OCMRecorder.h */ = {isa = PBXFileReference; lastKnownFileType = sourcecode.c.h; path = OCMRecorder.h; sourceTree = "<group>"; };
		D0EB86A1239E84ED00992915 /* OCMConstraint.h */ = {isa = PBXFileReference; lastKnownFileType = sourcecode.c.h; path = OCMConstraint.h; sourceTree = "<group>"; };
		D0EB86A2239E84EE00992915 /* NSNotificationCenter+OCMAdditions.h */ = {isa = PBXFileReference; lastKnownFileType = sourcecode.c.h; path = "NSNotificationCenter+OCMAdditions.h"; sourceTree = "<group>"; };
		D0EB86A3239E84EE00992915 /* OCMLocation.h */ = {isa = PBXFileReference; lastKnownFileType = sourcecode.c.h; path = OCMLocation.h; sourceTree = "<group>"; };
		D0EB86A4239E84EE00992915 /* OCMMacroState.h */ = {isa = PBXFileReference; lastKnownFileType = sourcecode.c.h; path = OCMMacroState.h; sourceTree = "<group>"; };
		D0EB86A5239E84EE00992915 /* OCMock.h */ = {isa = PBXFileReference; lastKnownFileType = sourcecode.c.h; path = OCMock.h; sourceTree = "<group>"; };
		D0EB86A6239E84EE00992915 /* OCMStubRecorder.h */ = {isa = PBXFileReference; lastKnownFileType = sourcecode.c.h; path = OCMStubRecorder.h; sourceTree = "<group>"; };
		D0EB86A7239E84EE00992915 /* OCMockObject.h */ = {isa = PBXFileReference; lastKnownFileType = sourcecode.c.h; path = OCMockObject.h; sourceTree = "<group>"; };
		D0EB86A8239E84EE00992915 /* OCMFunctions.h */ = {isa = PBXFileReference; lastKnownFileType = sourcecode.c.h; path = OCMFunctions.h; sourceTree = "<group>"; };
		D0EB86A9239E84EE00992915 /* OCMArg.h */ = {isa = PBXFileReference; lastKnownFileType = sourcecode.c.h; path = OCMArg.h; sourceTree = "<group>"; };
		D0EB86AA239E850300992915 /* libOCMock_catalyst.a */ = {isa = PBXFileReference; lastKnownFileType = archive.ar; path = libOCMock_catalyst.a; sourceTree = "<group>"; };
		D0EB86AB239E850400992915 /* libOCMock_ios.a */ = {isa = PBXFileReference; lastKnownFileType = archive.ar; path = libOCMock_ios.a; sourceTree = "<group>"; };
		D0EB86B3239E870900992915 /* RMStoreFramework.framework */ = {isa = PBXFileReference; explicitFileType = wrapper.framework; includeInIndex = 0; path = RMStoreFramework.framework; sourceTree = BUILT_PRODUCTS_DIR; };
		D0EB86C0239E873700992915 /* RMStoreFramework-tvOS.xcconfig */ = {isa = PBXFileReference; lastKnownFileType = text.xcconfig; path = "RMStoreFramework-tvOS.xcconfig"; sourceTree = "<group>"; };
		D0EB86CF239E89E600992915 /* StoreKit.framework */ = {isa = PBXFileReference; lastKnownFileType = wrapper.framework; name = StoreKit.framework; path = Platforms/AppleTVOS.platform/Developer/SDKs/AppleTVOS13.0.sdk/System/Library/Frameworks/StoreKit.framework; sourceTree = DEVELOPER_DIR; };
/* End PBXFileReference section */

/* Begin PBXFrameworksBuildPhase section */
		15AD6C9A228BF84E00B68F53 /* Frameworks */ = {
			isa = PBXFrameworksBuildPhase;
			buildActionMask = 2147483647;
			files = (
				D00325ED2398403E00D2A54B /* openssl.xcframework in Frameworks */,
			);
			runOnlyForDeploymentPostprocessing = 0;
		};
		A0AF3D0517A802F300D2E836 /* Frameworks */ = {
			isa = PBXFrameworksBuildPhase;
			buildActionMask = 2147483647;
			files = (
				D00325E123983A4000D2A54B /* openssl.xcframework in Frameworks */,
			);
			runOnlyForDeploymentPostprocessing = 0;
		};
		A0AF3D1517A802F300D2E836 /* Frameworks */ = {
			isa = PBXFrameworksBuildPhase;
			buildActionMask = 2147483647;
			files = (
				D0C403A4237A14B500A12D3D /* RMStoreFramework.framework in Frameworks */,
				D0EB86AD239E850400992915 /* libOCMock_ios.a in Frameworks */,
				D0EB86AC239E850400992915 /* libOCMock_catalyst.a in Frameworks */,
			);
			runOnlyForDeploymentPostprocessing = 0;
		};
		A0AF3D6F17A8085900D2E836 /* Frameworks */ = {
			isa = PBXFrameworksBuildPhase;
			buildActionMask = 2147483647;
			files = (
				D0C4036B2379EAA600A12D3D /* RMStoreFramework.framework in Frameworks */,
			);
			runOnlyForDeploymentPostprocessing = 0;
		};
		D0188DD2239FC8CA002CC46B /* Frameworks */ = {
			isa = PBXFrameworksBuildPhase;
			buildActionMask = 2147483647;
			files = (
			);
			runOnlyForDeploymentPostprocessing = 0;
		};
		D0188DF923A01C28002CC46B /* Frameworks */ = {
			isa = PBXFrameworksBuildPhase;
			buildActionMask = 2147483647;
			files = (
				D0188E0123A01C28002CC46B /* RMStoreFramework.framework in Frameworks */,
				D0188E1023A01DBC002CC46B /* libOCMock_catalyst.a in Frameworks */,
			);
			runOnlyForDeploymentPostprocessing = 0;
		};
		D064399B23A85E0E0083EF25 /* Frameworks */ = {
			isa = PBXFrameworksBuildPhase;
			buildActionMask = 2147483647;
			files = (
			);
			runOnlyForDeploymentPostprocessing = 0;
		};
		D068258B2373A31C00EAF052 /* Frameworks */ = {
			isa = PBXFrameworksBuildPhase;
			buildActionMask = 2147483647;
			files = (
				D00325E223983A4000D2A54B /* openssl.xcframework in Frameworks */,
			);
			runOnlyForDeploymentPostprocessing = 0;
		};
		D078FA8D2373554700982C56 /* Frameworks */ = {
			isa = PBXFrameworksBuildPhase;
			buildActionMask = 2147483647;
			files = (
				D00325F02398404700D2A54B /* openssl.xcframework in Frameworks */,
				D0C4036E2379F54500A12D3D /* StoreKit.framework in Frameworks */,
			);
			runOnlyForDeploymentPostprocessing = 0;
		};
		D078FA9A2373574A00982C56 /* Frameworks */ = {
			isa = PBXFrameworksBuildPhase;
			buildActionMask = 2147483647;
			files = (
				D0B9B886239A95AD00CE9F0D /* RMStoreFramework.framework in Frameworks */,
			);
			runOnlyForDeploymentPostprocessing = 0;
		};
		D0B9B867239A8EF000CE9F0D /* Frameworks */ = {
			isa = PBXFrameworksBuildPhase;
			buildActionMask = 2147483647;
			files = (
				D0EB86BA239E870900992915 /* RMStoreFramework.framework in Frameworks */,
			);
			runOnlyForDeploymentPostprocessing = 0;
		};
		D0EB86B0239E870900992915 /* Frameworks */ = {
			isa = PBXFrameworksBuildPhase;
			buildActionMask = 2147483647;
			files = (
				D0EB86D0239E89E600992915 /* StoreKit.framework in Frameworks */,
				D0EB86CE239E89DC00992915 /* openssl.xcframework in Frameworks */,
			);
			runOnlyForDeploymentPostprocessing = 0;
		};
/* End PBXFrameworksBuildPhase section */

/* Begin PBXGroup section */
		15AD6C9E228BF84E00B68F53 /* RMStoreFramework */ = {
			isa = PBXGroup;
			children = (
				15AD6C9F228BF84E00B68F53 /* RMStoreFramework.h */,
				15AD6CA0228BF84E00B68F53 /* RMStoreFramework-Info.plist */,
				D06439AF23A85EC70083EF25 /* RMStore_ContainerFramework.h */,
				D06439AD23A85EB70083EF25 /* RMStore_ContainerFramework-Info.plist */,
			);
			path = RMStoreFramework;
			sourceTree = "<group>";
		};
		8700D1CC17DCB011005C8F5D /* usr */ = {
			isa = PBXGroup;
			children = (
				8700D1CD17DCB011005C8F5D /* include */,
				8700D1D517DCB011005C8F5D /* lib */,
			);
			path = usr;
			sourceTree = "<group>";
		};
		8700D1CD17DCB011005C8F5D /* include */ = {
			isa = PBXGroup;
			children = (
				8700D1CE17DCB011005C8F5D /* OCMock */,
			);
			path = include;
			sourceTree = "<group>";
		};
		8700D1CE17DCB011005C8F5D /* OCMock */ = {
			isa = PBXGroup;
			children = (
				D0EB86A2239E84EE00992915 /* NSNotificationCenter+OCMAdditions.h */,
				D0EB86A9239E84EE00992915 /* OCMArg.h */,
				D0EB86A1239E84ED00992915 /* OCMConstraint.h */,
				D0EB86A8239E84EE00992915 /* OCMFunctions.h */,
				D0EB86A3239E84EE00992915 /* OCMLocation.h */,
				D0EB86A4239E84EE00992915 /* OCMMacroState.h */,
				D0EB86A5239E84EE00992915 /* OCMock.h */,
				D0EB86A7239E84EE00992915 /* OCMockObject.h */,
				D0EB86A0239E84ED00992915 /* OCMRecorder.h */,
				D0EB86A6239E84EE00992915 /* OCMStubRecorder.h */,
			);
			path = OCMock;
			sourceTree = "<group>";
		};
		8700D1D517DCB011005C8F5D /* lib */ = {
			isa = PBXGroup;
			children = (
				D0EB86AA239E850300992915 /* libOCMock_catalyst.a */,
				D0EB86AB239E850400992915 /* libOCMock_ios.a */,
			);
			path = lib;
			sourceTree = "<group>";
		};
		8793E7AD180D512E005D7A66 /* Optional */ = {
			isa = PBXGroup;
			children = (
				87BA4B9E1886E362004FD693 /* AppleIncRootCertificate.cer */,
				8793E800180D512E005D7A66 /* RMAppReceipt.h */,
				8793E801180D512E005D7A66 /* RMAppReceipt.m */,
				8793E802180D512E005D7A66 /* RMStoreAppReceiptVerifier.h */,
				8793E803180D512E005D7A66 /* RMStoreAppReceiptVerifier.m */,
				876046471812FB7500C9B78C /* RMStoreKeychainPersistence.h */,
				876046481812FB7500C9B78C /* RMStoreKeychainPersistence.m */,
				876631F7180EEBF40049B368 /* RMStoreTransaction.h */,
				876631F8180EEBF40049B368 /* RMStoreTransaction.m */,
				87A2A3A7180E82BB00376773 /* RMStoreUserDefaultsPersistence.h */,
				87A2A3A8180E82BB00376773 /* RMStoreUserDefaultsPersistence.m */,
			);
			path = Optional;
			sourceTree = "<group>";
		};
		A0AF3CFF17A802F300D2E836 = {
			isa = PBXGroup;
			children = (
				D078FA8923734C6700982C56 /* README.md */,
				D078FA8723734C5500982C56 /* CONTRIBUTING.md */,
				D078FA8823734C5B00982C56 /* LICENSE */,
				D078FA8623734C4B00982C56 /* Cartfile */,
				D07E3C8A237F009B00BBAE5B /* Config */,
				A0AF3D0D17A802F300D2E836 /* RMStore */,
				A0AF3D7617A8085900D2E836 /* RMStoreDemo-iOS */,
				D078FA7B23734C1300982C56 /* RMStoreDemo-macOS */,
				15AD6C9E228BF84E00B68F53 /* RMStoreFramework */,
				A0AF3D2217A802F300D2E836 /* RMStoreTests */,
				A0AF3D0A17A802F300D2E836 /* Frameworks */,
				A0AF3D0917A802F300D2E836 /* Products */,
			);
			sourceTree = "<group>";
		};
		A0AF3D0917A802F300D2E836 /* Products */ = {
			isa = PBXGroup;
			children = (
				A0AF3D0817A802F300D2E836 /* libRMStore.a */,
				A0AF3D1917A802F300D2E836 /* RMStoreTests.xctest */,
				A0AF3D7217A8085900D2E836 /* RMStoreDemo.app */,
				15AD6C9D228BF84E00B68F53 /* RMStoreFramework.framework */,
				D078FA902373554700982C56 /* RMStoreFramework.framework */,
				D078FA9D2373574A00982C56 /* RMStoreDemo (macOS).app */,
				D06825952373A31C00EAF052 /* libRMStore.a */,
				D0B9B86A239A8EF000CE9F0D /* RMStoreDemo.app */,
				D0EB86B3239E870900992915 /* RMStoreFramework.framework */,
				D0188DD5239FC8CA002CC46B /* RMStoreTestsHost.app */,
				D0188DFC23A01C28002CC46B /* RMStoreTestsMacOS.xctest */,
				D064399E23A85E0E0083EF25 /* RMStore-ContainerFramework.framework */,
			);
			name = Products;
			sourceTree = "<group>";
		};
		A0AF3D0A17A802F300D2E836 /* Frameworks */ = {
			isa = PBXGroup;
			children = (
				D0EB86CF239E89E600992915 /* StoreKit.framework */,
				D00325E023983A4000D2A54B /* openssl.xcframework */,
				D0C403692379EA7600A12D3D /* StoreKit.framework */,
			);
			name = Frameworks;
			sourceTree = "<group>";
		};
		A0AF3D0D17A802F300D2E836 /* RMStore */ = {
			isa = PBXGroup;
			children = (
				A0AF3D1017A802F300D2E836 /* RMStore.h */,
				A0AF3D1217A802F300D2E836 /* RMStore.m */,
				8793E7AD180D512E005D7A66 /* Optional */,
			);
			path = RMStore;
			sourceTree = "<group>";
		};
		A0AF3D2217A802F300D2E836 /* RMStoreTests */ = {
			isa = PBXGroup;
			children = (
				D0188E1223A02478002CC46B /* README.md */,
				A0AF3D2917A802F300D2E836 /* RMStoreTests.m */,
				8700D1C017DCA548005C8F5D /* NSNotification+RMStoreTests.m */,
				87A2A3A2180D817600376773 /* RMAppReceiptIAPTests.m */,
				87A2A39F180D7B0400376773 /* RMAppReceiptTests.m */,
				87D5A74117DE893E000E2B6C /* RMProducstRequestDelegateTests.m */,
				87A2A3A4180D82EF00376773 /* RMStoreAppReceiptVerifierTests.m */,
				87B7853E18105E6A00B5E54E /* RMStoreTransactionTests.m */,
				8760464A18130CBB00C9B78C /* RMStoreKeychainPersistenceTests.m */,
				87A2A3AB180E8AF500376773 /* RMStoreUserDefaultsPersistenceTests.m */,
				A0AF3D2317A802F300D2E836 /* Supporting Files */,
				8700D1CC17DCB011005C8F5D /* usr */,
				D0188DD6239FC8CA002CC46B /* RMStoreTestsHost */,
			);
			path = RMStoreTests;
			sourceTree = "<group>";
		};
		A0AF3D2317A802F300D2E836 /* Supporting Files */ = {
			isa = PBXGroup;
			children = (
				A0AF3D2417A802F300D2E836 /* RMStoreTests-Info.plist */,
				D0188E0023A01C28002CC46B /* RMStoreTestMacOS-Info.plist */,
				87A2A3A1180D7E2900376773 /* RMStoreTests-Prefix.pch */,
			);
			name = "Supporting Files";
			sourceTree = "<group>";
		};
		A0AF3D7617A8085900D2E836 /* RMStoreDemo-iOS */ = {
			isa = PBXGroup;
			children = (
				D064399823A858C90083EF25 /* README.md */,
				A0AF3D7C17A8085900D2E836 /* main.m */,
				A0AF3D7F17A8085900D2E836 /* RMAppDelegate.h */,
				A0AF3D8017A8085900D2E836 /* RMAppDelegate.m */,
				A0AF3DA417A8095F00D2E836 /* RMPurchasesViewController.h */,
				A0AF3DA517A8095F00D2E836 /* RMPurchasesViewController.m */,
				A0AF3D9F17A8094600D2E836 /* RMStoreViewController.h */,
				A0AF3DA017A8094600D2E836 /* RMStoreViewController.m */,
				D0576EEF23A807240097012E /* iOS */,
				D0576EF023A807930097012E /* tvOS */,
			);
			path = "RMStoreDemo-iOS";
			sourceTree = "<group>";
		};
		D0188DD6239FC8CA002CC46B /* RMStoreTestsHost */ = {
			isa = PBXGroup;
			children = (
				D0188DEE239FC8FC002CC46B /* RMStoreTestsHost.entitlements */,
				D0188DD7239FC8CA002CC46B /* AppDelegate.h */,
				D0188DD8239FC8CA002CC46B /* AppDelegate.m */,
				D0188DDD239FC8CA002CC46B /* ViewController.h */,
				D0188DDE239FC8CA002CC46B /* ViewController.m */,
				D0188DE0239FC8CA002CC46B /* Main.storyboard */,
				D0188DE5239FC8CC002CC46B /* LaunchScreen.storyboard */,
				D0188DE8239FC8CC002CC46B /* Info.plist */,
				D0188DE9239FC8CC002CC46B /* main.m */,
			);
			path = RMStoreTestsHost;
			sourceTree = "<group>";
		};
		D0576EEF23A807240097012E /* iOS */ = {
			isa = PBXGroup;
			children = (
				D05ADFA7237AE2D00018CD6A /* Launch Screen.storyboard */,
				A0AF3DA617A8095F00D2E836 /* RMPurchasesViewController.xib */,
				A0AF3DA117A8094600D2E836 /* RMStoreViewController.xib */,
				A0AF3D7817A8085900D2E836 /* Info.plist */,
				D07E3C89237EF6BB00BBAE5B /* RMStoreDemo (iOS).entitlements */,
			);
			path = iOS;
			sourceTree = "<group>";
		};
		D0576EF023A807930097012E /* tvOS */ = {
			isa = PBXGroup;
			children = (
				D0B9B877239A8EF200CE9F0D /* LaunchScreen.storyboard */,
				D0576EE723A8044E0097012E /* RMPurchasesViewController.xib */,
				D0576EE623A8044E0097012E /* RMStoreViewController.xib */,
				D0B9B87A239A8EF200CE9F0D /* Info.plist */,
			);
			path = tvOS;
			sourceTree = "<group>";
		};
		D078FA7B23734C1300982C56 /* RMStoreDemo-macOS */ = {
			isa = PBXGroup;
			children = (
				D064399723A858BA0083EF25 /* README.md */,
				D078FA8123734C1300982C56 /* main.m */,
				D078FA7C23734C1300982C56 /* AppDelegate.h */,
				D078FA8323734C1300982C56 /* AppDelegate.m */,
				D0725F0023A322340072C528 /* PurchasesViewController.h */,
				D0725F0123A322340072C528 /* PurchasesViewController.m */,
				D0725F0323A3225B0072C528 /* StoreViewController.h */,
				D0725F0423A3225B0072C528 /* StoreViewController.m */,
				D078FA7F23734C1300982C56 /* Main.storyboard */,
				D078FA8423734C1300982C56 /* Info.plist */,
				D0725F0623A322AA0072C528 /* RMStoreDemo-macOS.entitlements */,
			);
			path = "RMStoreDemo-macOS";
			sourceTree = "<group>";
		};
		D07E3C8A237F009B00BBAE5B /* Config */ = {
			isa = PBXGroup;
			children = (
				D07E3C8B237F00C300BBAE5B /* RMStore.xcconfig */,
				D07E3C93237F362C00BBAE5B /* RMStoreDemo-iOS.xcconfig */,
				D07E3C94237F362C00BBAE5B /* RMStoreDemo-macOS.xcconfig */,
				D0B9B880239A8F4200CE9F0D /* RMStoreDemo-tvOS.xcconfig */,
				D07E3C92237F35F900BBAE5B /* RMStoreTests.xcconfig */,
				D0188E1123A01F25002CC46B /* RMStoreTestsMacOS.xcconfig */,
				D0188DF323A00DDB002CC46B /* RMStoreTestsHost.xcconfig */,
				D07E3C90237F32B200BBAE5B /* RMStoreLib-iOS.xcconfig */,
				D07E3C91237F32B200BBAE5B /* RMStoreLib-macOS.xcconfig */,
				D07E3C8F237F311000BBAE5B /* RMStoreFramework-iOS.xcconfig */,
				D07E3C8E237F1EE000BBAE5B /* RMStoreFramework-macOS.xcconfig */,
				D0EB86C0239E873700992915 /* RMStoreFramework-tvOS.xcconfig */,
			);
			path = Config;
			sourceTree = "<group>";
		};
/* End PBXGroup section */

/* Begin PBXHeadersBuildPhase section */
		15AD6C98228BF84E00B68F53 /* Headers */ = {
			isa = PBXHeadersBuildPhase;
			buildActionMask = 2147483647;
			files = (
				15AD6CA1228BF84E00B68F53 /* RMStoreFramework.h in Headers */,
				15AD6CB7228BF85800B68F53 /* RMStore.h in Headers */,
				15AD6CAB228BF85800B68F53 /* RMAppReceipt.h in Headers */,
				15AD6CAD228BF85800B68F53 /* RMStoreAppReceiptVerifier.h in Headers */,
				15AD6CB1228BF85800B68F53 /* RMStoreTransaction.h in Headers */,
				15AD6CB5228BF85800B68F53 /* RMStoreUserDefaultsPersistence.h in Headers */,
				15AD6CAF228BF85800B68F53 /* RMStoreKeychainPersistence.h in Headers */,
			);
			runOnlyForDeploymentPostprocessing = 0;
		};
		D064399923A85E0E0083EF25 /* Headers */ = {
			isa = PBXHeadersBuildPhase;
			buildActionMask = 2147483647;
			files = (
			);
			runOnlyForDeploymentPostprocessing = 0;
		};
		D078FA8B2373554700982C56 /* Headers */ = {
			isa = PBXHeadersBuildPhase;
			buildActionMask = 2147483647;
			files = (
				D0C403582379E2D000A12D3D /* RMStoreFramework.h in Headers */,
				D0C403592379E2E600A12D3D /* RMStore.h in Headers */,
				D0C4035A2379E2EA00A12D3D /* RMAppReceipt.h in Headers */,
				D0C4035B2379E2EC00A12D3D /* RMStoreAppReceiptVerifier.h in Headers */,
				D0C4035C2379E2EF00A12D3D /* RMStoreKeychainPersistence.h in Headers */,
				D0C4035D2379E2F200A12D3D /* RMStoreTransaction.h in Headers */,
				D0C4035E2379E2F500A12D3D /* RMStoreUserDefaultsPersistence.h in Headers */,
			);
			runOnlyForDeploymentPostprocessing = 0;
		};
		D0EB86AE239E870900992915 /* Headers */ = {
			isa = PBXHeadersBuildPhase;
			buildActionMask = 2147483647;
			files = (
				D0EB86C1239E894E00992915 /* RMStoreFramework.h in Headers */,
				D0EB86C2239E896300992915 /* RMStore.h in Headers */,
				D0EB86C3239E896800992915 /* RMAppReceipt.h in Headers */,
				D0EB86C4239E896B00992915 /* RMStoreAppReceiptVerifier.h in Headers */,
				D0EB86C5239E896F00992915 /* RMStoreKeychainPersistence.h in Headers */,
				D0EB86C6239E897500992915 /* RMStoreTransaction.h in Headers */,
				D0EB86C7239E897800992915 /* RMStoreUserDefaultsPersistence.h in Headers */,
			);
			runOnlyForDeploymentPostprocessing = 0;
		};
/* End PBXHeadersBuildPhase section */

/* Begin PBXNativeTarget section */
		15AD6C9C228BF84E00B68F53 /* RMStoreFramework (iOS) */ = {
			isa = PBXNativeTarget;
			buildConfigurationList = 15AD6CA8228BF84E00B68F53 /* Build configuration list for PBXNativeTarget "RMStoreFramework (iOS)" */;
			buildPhases = (
				15AD6C98228BF84E00B68F53 /* Headers */,
				15AD6C99228BF84E00B68F53 /* Sources */,
				15AD6C9A228BF84E00B68F53 /* Frameworks */,
				15AD6C9B228BF84E00B68F53 /* Resources */,
			);
			buildRules = (
			);
			dependencies = (
			);
			name = "RMStoreFramework (iOS)";
			productName = RMStoreFramework;
			productReference = 15AD6C9D228BF84E00B68F53 /* RMStoreFramework.framework */;
			productType = "com.apple.product-type.framework";
		};
		A0AF3D0717A802F300D2E836 /* RMStore (iOS) */ = {
			isa = PBXNativeTarget;
			buildConfigurationList = A0AF3D2D17A802F300D2E836 /* Build configuration list for PBXNativeTarget "RMStore (iOS)" */;
			buildPhases = (
				A0AF3D0417A802F300D2E836 /* Sources */,
				A0AF3D0517A802F300D2E836 /* Frameworks */,
				A0AF3D0617A802F300D2E836 /* CopyFiles */,
			);
			buildRules = (
			);
			dependencies = (
			);
			name = "RMStore (iOS)";
			productName = RMStore;
			productReference = A0AF3D0817A802F300D2E836 /* libRMStore.a */;
			productType = "com.apple.product-type.library.static";
		};
		A0AF3D1817A802F300D2E836 /* RMStoreTests */ = {
			isa = PBXNativeTarget;
			buildConfigurationList = A0AF3D3017A802F300D2E836 /* Build configuration list for PBXNativeTarget "RMStoreTests" */;
			buildPhases = (
				A0AF3D1417A802F300D2E836 /* Sources */,
				A0AF3D1517A802F300D2E836 /* Frameworks */,
			);
			buildRules = (
			);
			dependencies = (
				D0C403A6237A14C800A12D3D /* PBXTargetDependency */,
				D0188DF0239FC93F002CC46B /* PBXTargetDependency */,
			);
			name = RMStoreTests;
			productName = RMStoreTests;
			productReference = A0AF3D1917A802F300D2E836 /* RMStoreTests.xctest */;
			productType = "com.apple.product-type.bundle.unit-test";
		};
		A0AF3D7117A8085900D2E836 /* RMStoreDemo (iOS) */ = {
			isa = PBXNativeTarget;
			buildConfigurationList = A0AF3D9C17A8085900D2E836 /* Build configuration list for PBXNativeTarget "RMStoreDemo (iOS)" */;
			buildPhases = (
				A0AF3D6E17A8085900D2E836 /* Sources */,
				A0AF3D6F17A8085900D2E836 /* Frameworks */,
				A0AF3D7017A8085900D2E836 /* Resources */,
				15AD6CA9228BF84E00B68F53 /* Embed Frameworks */,
			);
			buildRules = (
			);
			dependencies = (
				15AD6CA3228BF84E00B68F53 /* PBXTargetDependency */,
			);
			name = "RMStoreDemo (iOS)";
			productName = RMStoreDemo;
			productReference = A0AF3D7217A8085900D2E836 /* RMStoreDemo.app */;
			productType = "com.apple.product-type.application";
		};
		D0188DD4239FC8CA002CC46B /* RMStoreTestsHost */ = {
			isa = PBXNativeTarget;
			buildConfigurationList = D0188DEB239FC8CC002CC46B /* Build configuration list for PBXNativeTarget "RMStoreTestsHost" */;
			buildPhases = (
				D0188DD1239FC8CA002CC46B /* Sources */,
				D0188DD2239FC8CA002CC46B /* Frameworks */,
				D0188DD3239FC8CA002CC46B /* Resources */,
			);
			buildRules = (
			);
			dependencies = (
			);
			name = RMStoreTestsHost;
			productName = RMStoreTestsHost;
			productReference = D0188DD5239FC8CA002CC46B /* RMStoreTestsHost.app */;
			productType = "com.apple.product-type.application";
		};
		D0188DFB23A01C28002CC46B /* RMStoreTestsMacOS */ = {
			isa = PBXNativeTarget;
			buildConfigurationList = D0188E0423A01C28002CC46B /* Build configuration list for PBXNativeTarget "RMStoreTestsMacOS" */;
			buildPhases = (
				D0188DF823A01C28002CC46B /* Sources */,
				D0188DF923A01C28002CC46B /* Frameworks */,
				D0188DFA23A01C28002CC46B /* Resources */,
			);
			buildRules = (
			);
			dependencies = (
				D0188E0323A01C28002CC46B /* PBXTargetDependency */,
			);
			name = RMStoreTestsMacOS;
			productName = RMStoreTestsMacOS;
			productReference = D0188DFC23A01C28002CC46B /* RMStoreTestsMacOS.xctest */;
			productType = "com.apple.product-type.bundle.unit-test";
		};
		D064399D23A85E0E0083EF25 /* RMStore-ContainerFramework */ = {
			isa = PBXNativeTarget;
			buildConfigurationList = D06439A323A85E0E0083EF25 /* Build configuration list for PBXNativeTarget "RMStore-ContainerFramework" */;
			buildPhases = (
				D064399923A85E0E0083EF25 /* Headers */,
				D064399A23A85E0E0083EF25 /* Sources */,
				D064399B23A85E0E0083EF25 /* Frameworks */,
				D064399C23A85E0E0083EF25 /* Resources */,
				D0EF44AB23AA8C3F003C810D /* ShellScript */,
			);
			buildRules = (
			);
			dependencies = (
			);
			name = "RMStore-ContainerFramework";
			productName = "RMStore-ContainerFramework";
			productReference = D064399E23A85E0E0083EF25 /* RMStore-ContainerFramework.framework */;
			productType = "com.apple.product-type.framework";
		};
		D06825832373A31C00EAF052 /* RMStore (macOS) */ = {
			isa = PBXNativeTarget;
			buildConfigurationList = D06825922373A31C00EAF052 /* Build configuration list for PBXNativeTarget "RMStore (macOS)" */;
			buildPhases = (
				D06825842373A31C00EAF052 /* Sources */,
				D068258B2373A31C00EAF052 /* Frameworks */,
				D06825902373A31C00EAF052 /* CopyFiles */,
			);
			buildRules = (
			);
			dependencies = (
			);
			name = "RMStore (macOS)";
			productName = RMStore;
			productReference = D06825952373A31C00EAF052 /* libRMStore.a */;
			productType = "com.apple.product-type.library.static";
		};
		D078FA8F2373554700982C56 /* RMStoreFramework (macOS) */ = {
			isa = PBXNativeTarget;
			buildConfigurationList = D078FA952373554700982C56 /* Build configuration list for PBXNativeTarget "RMStoreFramework (macOS)" */;
			buildPhases = (
				D078FA8B2373554700982C56 /* Headers */,
				D078FA8C2373554700982C56 /* Sources */,
				D078FA8D2373554700982C56 /* Frameworks */,
				D078FA8E2373554700982C56 /* Resources */,
			);
			buildRules = (
			);
			dependencies = (
			);
			name = "RMStoreFramework (macOS)";
			productName = RMStoreDemoMacintosh;
			productReference = D078FA902373554700982C56 /* RMStoreFramework.framework */;
			productType = "com.apple.product-type.framework";
		};
		D078FA9C2373574A00982C56 /* RMStoreDemo (macOS) */ = {
			isa = PBXNativeTarget;
			buildConfigurationList = D078FAAE2373574B00982C56 /* Build configuration list for PBXNativeTarget "RMStoreDemo (macOS)" */;
			buildPhases = (
				D078FA992373574A00982C56 /* Sources */,
				D078FA9A2373574A00982C56 /* Frameworks */,
				D078FA9B2373574A00982C56 /* Resources */,
				D0B9B888239A95AD00CE9F0D /* Embed Frameworks */,
			);
			buildRules = (
			);
			dependencies = (
				D0C4034D2379E0E000A12D3D /* PBXTargetDependency */,
			);
			name = "RMStoreDemo (macOS)";
			productName = "RMStoreDemo-macOSNEW";
			productReference = D078FA9D2373574A00982C56 /* RMStoreDemo (macOS).app */;
			productType = "com.apple.product-type.application";
		};
		D0B9B869239A8EF000CE9F0D /* RMStoreDemo (tvOS) */ = {
			isa = PBXNativeTarget;
			buildConfigurationList = D0B9B87F239A8EF200CE9F0D /* Build configuration list for PBXNativeTarget "RMStoreDemo (tvOS)" */;
			buildPhases = (
				D0B9B866239A8EF000CE9F0D /* Sources */,
				D0B9B867239A8EF000CE9F0D /* Frameworks */,
				D0B9B868239A8EF000CE9F0D /* Resources */,
				D0EB86BF239E870900992915 /* Embed Frameworks */,
			);
			buildRules = (
			);
			dependencies = (
				D0EB86B9239E870900992915 /* PBXTargetDependency */,
			);
			name = "RMStoreDemo (tvOS)";
			productName = "RMStoreDemo (tvOS)";
			productReference = D0B9B86A239A8EF000CE9F0D /* RMStoreDemo.app */;
			productType = "com.apple.product-type.application";
		};
		D0EB86B2239E870900992915 /* RMStoreFramework (tvOS) */ = {
			isa = PBXNativeTarget;
			buildConfigurationList = D0EB86BC239E870900992915 /* Build configuration list for PBXNativeTarget "RMStoreFramework (tvOS)" */;
			buildPhases = (
				D0EB86AE239E870900992915 /* Headers */,
				D0EB86AF239E870900992915 /* Sources */,
				D0EB86B0239E870900992915 /* Frameworks */,
				D0EB86B1239E870900992915 /* Resources */,
			);
			buildRules = (
			);
			dependencies = (
			);
			name = "RMStoreFramework (tvOS)";
			productName = RMStoreFramework;
			productReference = D0EB86B3239E870900992915 /* RMStoreFramework.framework */;
			productType = "com.apple.product-type.framework";
		};
/* End PBXNativeTarget section */

/* Begin PBXProject section */
		A0AF3D0017A802F300D2E836 /* Project object */ = {
			isa = PBXProject;
			attributes = {
				LastUpgradeCheck = 1130;
				ORGANIZATIONNAME = "";
				TargetAttributes = {
					15AD6C9C228BF84E00B68F53 = {
						CreatedOnToolsVersion = 10.2.1;
						ProvisioningStyle = Automatic;
					};
					A0AF3D1817A802F300D2E836 = {
						TestTargetID = D0188DD4239FC8CA002CC46B;
					};
					D0188DD4239FC8CA002CC46B = {
						CreatedOnToolsVersion = 11.2.1;
					};
					D0188DFB23A01C28002CC46B = {
						CreatedOnToolsVersion = 11.2.1;
					};
					D064399D23A85E0E0083EF25 = {
						CreatedOnToolsVersion = 11.3;
					};
					D078FA8F2373554700982C56 = {
						CreatedOnToolsVersion = 11.1;
						ProvisioningStyle = Automatic;
					};
					D078FA9C2373574A00982C56 = {
						CreatedOnToolsVersion = 11.1;
						ProvisioningStyle = Automatic;
					};
					D0B9B869239A8EF000CE9F0D = {
						CreatedOnToolsVersion = 11.1;
					};
					D0EB86B2239E870900992915 = {
						CreatedOnToolsVersion = 11.1;
					};
				};
			};
			buildConfigurationList = A0AF3D0317A802F300D2E836 /* Build configuration list for PBXProject "RMStore" */;
			compatibilityVersion = "Xcode 11.0";
			developmentRegion = en;
			hasScannedForEncodings = 0;
			knownRegions = (
				en,
				Base,
			);
			mainGroup = A0AF3CFF17A802F300D2E836;
			productRefGroup = A0AF3D0917A802F300D2E836 /* Products */;
			projectDirPath = "";
			projectRoot = "";
			targets = (
				A0AF3D7117A8085900D2E836 /* RMStoreDemo (iOS) */,
				D0B9B869239A8EF000CE9F0D /* RMStoreDemo (tvOS) */,
				D078FA9C2373574A00982C56 /* RMStoreDemo (macOS) */,
				A0AF3D1817A802F300D2E836 /* RMStoreTests */,
				D0188DFB23A01C28002CC46B /* RMStoreTestsMacOS */,
				D0188DD4239FC8CA002CC46B /* RMStoreTestsHost */,
				A0AF3D0717A802F300D2E836 /* RMStore (iOS) */,
				D06825832373A31C00EAF052 /* RMStore (macOS) */,
				15AD6C9C228BF84E00B68F53 /* RMStoreFramework (iOS) */,
				D0EB86B2239E870900992915 /* RMStoreFramework (tvOS) */,
				D078FA8F2373554700982C56 /* RMStoreFramework (macOS) */,
				D064399D23A85E0E0083EF25 /* RMStore-ContainerFramework */,
			);
		};
/* End PBXProject section */

/* Begin PBXResourcesBuildPhase section */
		15AD6C9B228BF84E00B68F53 /* Resources */ = {
			isa = PBXResourcesBuildPhase;
			buildActionMask = 2147483647;
			files = (
				15AD6CAA228BF85800B68F53 /* AppleIncRootCertificate.cer in Resources */,
			);
			runOnlyForDeploymentPostprocessing = 0;
		};
		A0AF3D7017A8085900D2E836 /* Resources */ = {
			isa = PBXResourcesBuildPhase;
			buildActionMask = 2147483647;
			files = (
				A0AF3DA317A8094600D2E836 /* RMStoreViewController.xib in Resources */,
				A0AF3DA817A8095F00D2E836 /* RMPurchasesViewController.xib in Resources */,
				D05ADFA8237AE2D00018CD6A /* Launch Screen.storyboard in Resources */,
				87BA4B9F1886E367004FD693 /* AppleIncRootCertificate.cer in Resources */,
			);
			runOnlyForDeploymentPostprocessing = 0;
		};
		D0188DD3239FC8CA002CC46B /* Resources */ = {
			isa = PBXResourcesBuildPhase;
			buildActionMask = 2147483647;
			files = (
				D0188DE7239FC8CC002CC46B /* LaunchScreen.storyboard in Resources */,
				D0188DE2239FC8CA002CC46B /* Main.storyboard in Resources */,
			);
			runOnlyForDeploymentPostprocessing = 0;
		};
		D0188DFA23A01C28002CC46B /* Resources */ = {
			isa = PBXResourcesBuildPhase;
			buildActionMask = 2147483647;
			files = (
			);
			runOnlyForDeploymentPostprocessing = 0;
		};
		D064399C23A85E0E0083EF25 /* Resources */ = {
			isa = PBXResourcesBuildPhase;
			buildActionMask = 2147483647;
			files = (
			);
			runOnlyForDeploymentPostprocessing = 0;
		};
		D078FA8E2373554700982C56 /* Resources */ = {
			isa = PBXResourcesBuildPhase;
			buildActionMask = 2147483647;
			files = (
				D0C403602379E35400A12D3D /* AppleIncRootCertificate.cer in Resources */,
			);
			runOnlyForDeploymentPostprocessing = 0;
		};
		D078FA9B2373574A00982C56 /* Resources */ = {
			isa = PBXResourcesBuildPhase;
			buildActionMask = 2147483647;
			files = (
				D0C403632379E54900A12D3D /* Main.storyboard in Resources */,
				D0725EFE23A2B0460072C528 /* AppleIncRootCertificate.cer in Resources */,
			);
			runOnlyForDeploymentPostprocessing = 0;
		};
		D0B9B868239A8EF000CE9F0D /* Resources */ = {
			isa = PBXResourcesBuildPhase;
			buildActionMask = 2147483647;
			files = (
				D0576EED23A8061A0097012E /* LaunchScreen.storyboard in Resources */,
				D0576EE823A8044E0097012E /* RMStoreViewController.xib in Resources */,
				D0576EE923A8044E0097012E /* RMPurchasesViewController.xib in Resources */,
			);
			runOnlyForDeploymentPostprocessing = 0;
		};
		D0EB86B1239E870900992915 /* Resources */ = {
			isa = PBXResourcesBuildPhase;
			buildActionMask = 2147483647;
			files = (
			);
			runOnlyForDeploymentPostprocessing = 0;
		};
/* End PBXResourcesBuildPhase section */

/* Begin PBXShellScriptBuildPhase section */
		D0EF44AB23AA8C3F003C810D /* ShellScript */ = {
			isa = PBXShellScriptBuildPhase;
			buildActionMask = 2147483647;
			files = (
			);
			inputFileListPaths = (
			);
			inputPaths = (
			);
			outputFileListPaths = (
			);
			outputPaths = (
			);
			runOnlyForDeploymentPostprocessing = 0;
			shellPath = /bin/sh;
			shellScript = "BUILD=\"${BUILT_PRODUCTS_DIR}/RMStore-ContainerFramework.framework/Versions/A/Resources\"\n\n# In the event that you have a a proxy defined here.\nsource \"${HOME}/.zshenv\"\n\n# Build the XCFramework\n./RMStoreFramework/build_xcframework.sh\n\n# Copy it into the fake framework.\ncp -r \"$BUILD/RMStoreFramework.xcframework\" \"${BUILD}/\"\n";
		};
/* End PBXShellScriptBuildPhase section */

/* Begin PBXSourcesBuildPhase section */
		15AD6C99228BF84E00B68F53 /* Sources */ = {
			isa = PBXSourcesBuildPhase;
			buildActionMask = 2147483647;
			files = (
				15AD6CB8228BF85800B68F53 /* RMStore.m in Sources */,
				15AD6CAC228BF85800B68F53 /* RMAppReceipt.m in Sources */,
				15AD6CAE228BF85800B68F53 /* RMStoreAppReceiptVerifier.m in Sources */,
				15AD6CB0228BF85800B68F53 /* RMStoreKeychainPersistence.m in Sources */,
				15AD6CB2228BF85800B68F53 /* RMStoreTransaction.m in Sources */,
				15AD6CB6228BF85800B68F53 /* RMStoreUserDefaultsPersistence.m in Sources */,
			);
			runOnlyForDeploymentPostprocessing = 0;
		};
		A0AF3D0417A802F300D2E836 /* Sources */ = {
			isa = PBXSourcesBuildPhase;
			buildActionMask = 2147483647;
			files = (
				A0AF3D1317A802F300D2E836 /* RMStore.m in Sources */,
				876046491812FB7500C9B78C /* RMStoreKeychainPersistence.m in Sources */,
				8793E809180D512E005D7A66 /* RMStoreAppReceiptVerifier.m in Sources */,
				87A2A3A9180E82BB00376773 /* RMStoreUserDefaultsPersistence.m in Sources */,
				8793E808180D512E005D7A66 /* RMAppReceipt.m in Sources */,
				876631F9180EEBF40049B368 /* RMStoreTransaction.m in Sources */,
			);
			runOnlyForDeploymentPostprocessing = 0;
		};
		A0AF3D1417A802F300D2E836 /* Sources */ = {
			isa = PBXSourcesBuildPhase;
			buildActionMask = 2147483647;
			files = (
				87A2A3A5180D82EF00376773 /* RMStoreAppReceiptVerifierTests.m in Sources */,
				8760464B18130CBB00C9B78C /* RMStoreKeychainPersistenceTests.m in Sources */,
				A0AF3D2A17A802F300D2E836 /* RMStoreTests.m in Sources */,
				8700D1C117DCA548005C8F5D /* NSNotification+RMStoreTests.m in Sources */,
				87B7853F18105E6A00B5E54E /* RMStoreTransactionTests.m in Sources */,
				87D5A74217DE893E000E2B6C /* RMProducstRequestDelegateTests.m in Sources */,
				87A2A3A3180D817600376773 /* RMAppReceiptIAPTests.m in Sources */,
				87A2A3A0180D7B0400376773 /* RMAppReceiptTests.m in Sources */,
				87A2A3AC180E8AF500376773 /* RMStoreUserDefaultsPersistenceTests.m in Sources */,
			);
			runOnlyForDeploymentPostprocessing = 0;
		};
		A0AF3D6E17A8085900D2E836 /* Sources */ = {
			isa = PBXSourcesBuildPhase;
			buildActionMask = 2147483647;
			files = (
				A0AF3D7D17A8085900D2E836 /* main.m in Sources */,
				A0AF3D8117A8085900D2E836 /* RMAppDelegate.m in Sources */,
				D0C4036C2379ED3100A12D3D /* RMPurchasesViewController.m in Sources */,
				D0C4036D2379ED3600A12D3D /* RMStoreViewController.m in Sources */,
			);
			runOnlyForDeploymentPostprocessing = 0;
		};
		D0188DD1239FC8CA002CC46B /* Sources */ = {
			isa = PBXSourcesBuildPhase;
			buildActionMask = 2147483647;
			files = (
				D0188DDF239FC8CA002CC46B /* ViewController.m in Sources */,
				D0188DD9239FC8CA002CC46B /* AppDelegate.m in Sources */,
				D0188DEA239FC8CC002CC46B /* main.m in Sources */,
			);
			runOnlyForDeploymentPostprocessing = 0;
		};
		D0188DF823A01C28002CC46B /* Sources */ = {
			isa = PBXSourcesBuildPhase;
			buildActionMask = 2147483647;
			files = (
				D0188E0C23A01CFC002CC46B /* RMStoreAppReceiptVerifierTests.m in Sources */,
				D0188E0E23A01CFC002CC46B /* RMStoreKeychainPersistenceTests.m in Sources */,
				D0188E0723A01CFC002CC46B /* RMStoreTests.m in Sources */,
				D0188E0823A01CFC002CC46B /* NSNotification+RMStoreTests.m in Sources */,
				D0188E0D23A01CFC002CC46B /* RMStoreTransactionTests.m in Sources */,
				D0188E0B23A01CFC002CC46B /* RMProducstRequestDelegateTests.m in Sources */,
				D0188E0923A01CFC002CC46B /* RMAppReceiptIAPTests.m in Sources */,
				D0188E0A23A01CFC002CC46B /* RMAppReceiptTests.m in Sources */,
				D0188E0F23A01CFC002CC46B /* RMStoreUserDefaultsPersistenceTests.m in Sources */,
			);
			runOnlyForDeploymentPostprocessing = 0;
		};
		D064399A23A85E0E0083EF25 /* Sources */ = {
			isa = PBXSourcesBuildPhase;
			buildActionMask = 2147483647;
			files = (
			);
			runOnlyForDeploymentPostprocessing = 0;
		};
		D06825842373A31C00EAF052 /* Sources */ = {
			isa = PBXSourcesBuildPhase;
			buildActionMask = 2147483647;
			files = (
				D06825852373A31C00EAF052 /* RMStore.m in Sources */,
				D06825862373A31C00EAF052 /* RMStoreKeychainPersistence.m in Sources */,
				D06825872373A31C00EAF052 /* RMStoreAppReceiptVerifier.m in Sources */,
				D06825882373A31C00EAF052 /* RMStoreUserDefaultsPersistence.m in Sources */,
				D06825892373A31C00EAF052 /* RMAppReceipt.m in Sources */,
				D068258A2373A31C00EAF052 /* RMStoreTransaction.m in Sources */,
			);
			runOnlyForDeploymentPostprocessing = 0;
		};
		D078FA8C2373554700982C56 /* Sources */ = {
			isa = PBXSourcesBuildPhase;
			buildActionMask = 2147483647;
			files = (
				D0C403522379E2A200A12D3D /* RMStore.m in Sources */,
				D0C403532379E2A600A12D3D /* RMAppReceipt.m in Sources */,
				D0C403542379E2AC00A12D3D /* RMStoreAppReceiptVerifier.m in Sources */,
				D0C403552379E2B000A12D3D /* RMStoreKeychainPersistence.m in Sources */,
				D0C403562379E2B400A12D3D /* RMStoreTransaction.m in Sources */,
				D0C403572379E2B600A12D3D /* RMStoreUserDefaultsPersistence.m in Sources */,
			);
			runOnlyForDeploymentPostprocessing = 0;
		};
		D078FA992373574A00982C56 /* Sources */ = {
			isa = PBXSourcesBuildPhase;
			buildActionMask = 2147483647;
			files = (
				D0C4034E2379E0E600A12D3D /* AppDelegate.m in Sources */,
				D0725F0223A322340072C528 /* PurchasesViewController.m in Sources */,
				D0C403502379E0ED00A12D3D /* main.m in Sources */,
				D0725F0523A3225B0072C528 /* StoreViewController.m in Sources */,
			);
			runOnlyForDeploymentPostprocessing = 0;
		};
		D0B9B866239A8EF000CE9F0D /* Sources */ = {
			isa = PBXSourcesBuildPhase;
			buildActionMask = 2147483647;
			files = (
				D0576EE123A802010097012E /* main.m in Sources */,
				D0576EE023A801FD0097012E /* RMAppDelegate.m in Sources */,
				D0576EE223A8020A0097012E /* RMPurchasesViewController.m in Sources */,
				D0576EE323A8020F0097012E /* RMStoreViewController.m in Sources */,
			);
			runOnlyForDeploymentPostprocessing = 0;
		};
		D0EB86AF239E870900992915 /* Sources */ = {
			isa = PBXSourcesBuildPhase;
			buildActionMask = 2147483647;
			files = (
				D0EB86C8239E89AD00992915 /* RMStore.m in Sources */,
				D0EB86C9239E89B200992915 /* RMAppReceipt.m in Sources */,
				D0EB86CA239E89B900992915 /* RMStoreAppReceiptVerifier.m in Sources */,
				D0EB86CB239E89C100992915 /* RMStoreKeychainPersistence.m in Sources */,
				D0EB86CC239E89C600992915 /* RMStoreTransaction.m in Sources */,
				D0EB86CD239E89C800992915 /* RMStoreUserDefaultsPersistence.m in Sources */,
			);
			runOnlyForDeploymentPostprocessing = 0;
		};
/* End PBXSourcesBuildPhase section */

/* Begin PBXTargetDependency section */
		15AD6CA3228BF84E00B68F53 /* PBXTargetDependency */ = {
			isa = PBXTargetDependency;
			target = 15AD6C9C228BF84E00B68F53 /* RMStoreFramework (iOS) */;
			targetProxy = 15AD6CA2228BF84E00B68F53 /* PBXContainerItemProxy */;
		};
		D0188DF0239FC93F002CC46B /* PBXTargetDependency */ = {
			isa = PBXTargetDependency;
			target = D0188DD4239FC8CA002CC46B /* RMStoreTestsHost */;
			targetProxy = D0188DEF239FC93F002CC46B /* PBXContainerItemProxy */;
		};
		D0188E0323A01C28002CC46B /* PBXTargetDependency */ = {
			isa = PBXTargetDependency;
			target = D078FA8F2373554700982C56 /* RMStoreFramework (macOS) */;
			targetProxy = D0188E0223A01C28002CC46B /* PBXContainerItemProxy */;
		};
		D0C4034D2379E0E000A12D3D /* PBXTargetDependency */ = {
			isa = PBXTargetDependency;
			target = D078FA8F2373554700982C56 /* RMStoreFramework (macOS) */;
			targetProxy = D0C4034C2379E0E000A12D3D /* PBXContainerItemProxy */;
		};
		D0C403A6237A14C800A12D3D /* PBXTargetDependency */ = {
			isa = PBXTargetDependency;
			target = 15AD6C9C228BF84E00B68F53 /* RMStoreFramework (iOS) */;
			targetProxy = D0C403A5237A14C800A12D3D /* PBXContainerItemProxy */;
		};
		D0EB86B9239E870900992915 /* PBXTargetDependency */ = {
			isa = PBXTargetDependency;
			target = D0EB86B2239E870900992915 /* RMStoreFramework (tvOS) */;
			targetProxy = D0EB86B8239E870900992915 /* PBXContainerItemProxy */;
		};
/* End PBXTargetDependency section */

/* Begin PBXVariantGroup section */
		D0188DE0239FC8CA002CC46B /* Main.storyboard */ = {
			isa = PBXVariantGroup;
			children = (
				D0188DE1239FC8CA002CC46B /* Base */,
			);
			name = Main.storyboard;
			sourceTree = "<group>";
		};
		D0188DE5239FC8CC002CC46B /* LaunchScreen.storyboard */ = {
			isa = PBXVariantGroup;
			children = (
				D0188DE6239FC8CC002CC46B /* Base */,
			);
			name = LaunchScreen.storyboard;
			sourceTree = "<group>";
		};
		D078FA7F23734C1300982C56 /* Main.storyboard */ = {
			isa = PBXVariantGroup;
			children = (
				D078FA8023734C1300982C56 /* Base */,
			);
			name = Main.storyboard;
			sourceTree = "<group>";
		};
		D0B9B877239A8EF200CE9F0D /* LaunchScreen.storyboard */ = {
			isa = PBXVariantGroup;
			children = (
				D0B9B878239A8EF200CE9F0D /* Base */,
			);
			name = LaunchScreen.storyboard;
			sourceTree = "<group>";
		};
/* End PBXVariantGroup section */

/* Begin XCBuildConfiguration section */
		15AD6CA6228BF84E00B68F53 /* Debug */ = {
			isa = XCBuildConfiguration;
			baseConfigurationReference = D07E3C8F237F311000BBAE5B /* RMStoreFramework-iOS.xcconfig */;
			buildSettings = {
			};
			name = Debug;
		};
		15AD6CA7228BF84E00B68F53 /* Release */ = {
			isa = XCBuildConfiguration;
			baseConfigurationReference = D07E3C8F237F311000BBAE5B /* RMStoreFramework-iOS.xcconfig */;
			buildSettings = {
			};
			name = Release;
		};
		A0AF3D2B17A802F300D2E836 /* Debug */ = {
			isa = XCBuildConfiguration;
			baseConfigurationReference = D07E3C8B237F00C300BBAE5B /* RMStore.xcconfig */;
			buildSettings = {
			};
			name = Debug;
		};
		A0AF3D2C17A802F300D2E836 /* Release */ = {
			isa = XCBuildConfiguration;
			baseConfigurationReference = D07E3C8B237F00C300BBAE5B /* RMStore.xcconfig */;
			buildSettings = {
			};
			name = Release;
		};
		A0AF3D2E17A802F300D2E836 /* Debug */ = {
			isa = XCBuildConfiguration;
			baseConfigurationReference = D07E3C90237F32B200BBAE5B /* RMStoreLib-iOS.xcconfig */;
			buildSettings = {
			};
			name = Debug;
		};
		A0AF3D2F17A802F300D2E836 /* Release */ = {
			isa = XCBuildConfiguration;
			baseConfigurationReference = D07E3C90237F32B200BBAE5B /* RMStoreLib-iOS.xcconfig */;
			buildSettings = {
			};
			name = Release;
		};
		A0AF3D3117A802F300D2E836 /* Debug */ = {
			isa = XCBuildConfiguration;
			baseConfigurationReference = D07E3C92237F35F900BBAE5B /* RMStoreTests.xcconfig */;
			buildSettings = {
			};
			name = Debug;
		};
		A0AF3D3217A802F300D2E836 /* Release */ = {
			isa = XCBuildConfiguration;
			baseConfigurationReference = D07E3C92237F35F900BBAE5B /* RMStoreTests.xcconfig */;
			buildSettings = {
			};
			name = Release;
		};
		A0AF3D9D17A8085900D2E836 /* Debug */ = {
			isa = XCBuildConfiguration;
			baseConfigurationReference = D07E3C93237F362C00BBAE5B /* RMStoreDemo-iOS.xcconfig */;
			buildSettings = {
				CODE_SIGN_IDENTITY = "Apple Development";
				"CODE_SIGN_IDENTITY[sdk=macosx*]" = "Apple Development";
				CODE_SIGN_STYLE = Automatic;
				DEVELOPMENT_TEAM = 9PN2JXXG7Y;
				PROVISIONING_PROFILE_SPECIFIER = "";
				"PROVISIONING_PROFILE_SPECIFIER[sdk=macosx*]" = "";
			};
			name = Debug;
		};
		A0AF3D9E17A8085900D2E836 /* Release */ = {
			isa = XCBuildConfiguration;
			baseConfigurationReference = D07E3C93237F362C00BBAE5B /* RMStoreDemo-iOS.xcconfig */;
			buildSettings = {
				CODE_SIGN_IDENTITY = "Apple Development";
				"CODE_SIGN_IDENTITY[sdk=macosx*]" = "Apple Development";
				CODE_SIGN_STYLE = Automatic;
				DEVELOPMENT_TEAM = 9PN2JXXG7Y;
				PROVISIONING_PROFILE_SPECIFIER = "";
				"PROVISIONING_PROFILE_SPECIFIER[sdk=macosx*]" = "";
			};
			name = Release;
		};
		D0188DEC239FC8CC002CC46B /* Debug */ = {
			isa = XCBuildConfiguration;
			baseConfigurationReference = D0188DF323A00DDB002CC46B /* RMStoreTestsHost.xcconfig */;
			buildSettings = {
			};
			name = Debug;
		};
		D0188DED239FC8CC002CC46B /* Release */ = {
			isa = XCBuildConfiguration;
			baseConfigurationReference = D0188DF323A00DDB002CC46B /* RMStoreTestsHost.xcconfig */;
			buildSettings = {
			};
			name = Release;
		};
		D0188E0523A01C28002CC46B /* Debug */ = {
			isa = XCBuildConfiguration;
			baseConfigurationReference = D0188E1123A01F25002CC46B /* RMStoreTestsMacOS.xcconfig */;
			buildSettings = {
			};
			name = Debug;
		};
		D0188E0623A01C28002CC46B /* Release */ = {
			isa = XCBuildConfiguration;
			baseConfigurationReference = D0188E1123A01F25002CC46B /* RMStoreTestsMacOS.xcconfig */;
			buildSettings = {
			};
			name = Release;
		};
		D06439A423A85E0E0083EF25 /* Debug */ = {
			isa = XCBuildConfiguration;
			buildSettings = {
				INFOPLIST_FILE = "RMStoreFramework/RMStore_ContainerFramework-Info.plist";
				PRODUCT_BUNDLE_IDENTIFIER = "com.balthisar.RMStore-ContainerFramework";
				PRODUCT_NAME = "RMStore-ContainerFramework";
				SDKROOT = macosx;
			};
			name = Debug;
		};
		D06439A523A85E0E0083EF25 /* Release */ = {
			isa = XCBuildConfiguration;
			buildSettings = {
				INFOPLIST_FILE = "RMStoreFramework/RMStore_ContainerFramework-Info.plist";
				PRODUCT_BUNDLE_IDENTIFIER = "com.balthisar.RMStore-ContainerFramework";
				PRODUCT_NAME = "RMStore-ContainerFramework";
				SDKROOT = macosx;
			};
			name = Release;
		};
		D06825932373A31C00EAF052 /* Debug */ = {
			isa = XCBuildConfiguration;
			baseConfigurationReference = D07E3C91237F32B200BBAE5B /* RMStoreLib-macOS.xcconfig */;
			buildSettings = {
			};
			name = Debug;
		};
		D06825942373A31C00EAF052 /* Release */ = {
			isa = XCBuildConfiguration;
			baseConfigurationReference = D07E3C91237F32B200BBAE5B /* RMStoreLib-macOS.xcconfig */;
			buildSettings = {
			};
			name = Release;
		};
		D078FA962373554700982C56 /* Debug */ = {
			isa = XCBuildConfiguration;
			baseConfigurationReference = D07E3C8E237F1EE000BBAE5B /* RMStoreFramework-macOS.xcconfig */;
			buildSettings = {
			};
			name = Debug;
		};
		D078FA972373554700982C56 /* Release */ = {
			isa = XCBuildConfiguration;
			baseConfigurationReference = D07E3C8E237F1EE000BBAE5B /* RMStoreFramework-macOS.xcconfig */;
			buildSettings = {
			};
			name = Release;
		};
		D078FAAF2373574B00982C56 /* Debug */ = {
			isa = XCBuildConfiguration;
			baseConfigurationReference = D07E3C94237F362C00BBAE5B /* RMStoreDemo-macOS.xcconfig */;
			buildSettings = {
			};
			name = Debug;
		};
		D078FAB02373574B00982C56 /* Release */ = {
			isa = XCBuildConfiguration;
			baseConfigurationReference = D07E3C94237F362C00BBAE5B /* RMStoreDemo-macOS.xcconfig */;
			buildSettings = {
			};
			name = Release;
		};
		D0B9B87D239A8EF200CE9F0D /* Debug */ = {
			isa = XCBuildConfiguration;
			baseConfigurationReference = D0B9B880239A8F4200CE9F0D /* RMStoreDemo-tvOS.xcconfig */;
			buildSettings = {
				DEVELOPMENT_TEAM = 9PN2JXXG7Y;
			};
			name = Debug;
		};
		D0B9B87E239A8EF200CE9F0D /* Release */ = {
			isa = XCBuildConfiguration;
			baseConfigurationReference = D0B9B880239A8F4200CE9F0D /* RMStoreDemo-tvOS.xcconfig */;
			buildSettings = {
				DEVELOPMENT_TEAM = 9PN2JXXG7Y;
			};
			name = Release;
		};
		D0EB86BD239E870900992915 /* Debug */ = {
			isa = XCBuildConfiguration;
			baseConfigurationReference = D0EB86C0239E873700992915 /* RMStoreFramework-tvOS.xcconfig */;
			buildSettings = {
			};
			name = Debug;
		};
		D0EB86BE239E870900992915 /* Release */ = {
			isa = XCBuildConfiguration;
			baseConfigurationReference = D0EB86C0239E873700992915 /* RMStoreFramework-tvOS.xcconfig */;
			buildSettings = {
			};
			name = Release;
		};
/* End XCBuildConfiguration section */

/* Begin XCConfigurationList section */
		15AD6CA8228BF84E00B68F53 /* Build configuration list for PBXNativeTarget "RMStoreFramework (iOS)" */ = {
			isa = XCConfigurationList;
			buildConfigurations = (
				15AD6CA6228BF84E00B68F53 /* Debug */,
				15AD6CA7228BF84E00B68F53 /* Release */,
			);
			defaultConfigurationIsVisible = 0;
			defaultConfigurationName = Release;
		};
		A0AF3D0317A802F300D2E836 /* Build configuration list for PBXProject "RMStore" */ = {
			isa = XCConfigurationList;
			buildConfigurations = (
				A0AF3D2B17A802F300D2E836 /* Debug */,
				A0AF3D2C17A802F300D2E836 /* Release */,
			);
			defaultConfigurationIsVisible = 0;
			defaultConfigurationName = Release;
		};
		A0AF3D2D17A802F300D2E836 /* Build configuration list for PBXNativeTarget "RMStore (iOS)" */ = {
			isa = XCConfigurationList;
			buildConfigurations = (
				A0AF3D2E17A802F300D2E836 /* Debug */,
				A0AF3D2F17A802F300D2E836 /* Release */,
			);
			defaultConfigurationIsVisible = 0;
			defaultConfigurationName = Release;
		};
		A0AF3D3017A802F300D2E836 /* Build configuration list for PBXNativeTarget "RMStoreTests" */ = {
			isa = XCConfigurationList;
			buildConfigurations = (
				A0AF3D3117A802F300D2E836 /* Debug */,
				A0AF3D3217A802F300D2E836 /* Release */,
			);
			defaultConfigurationIsVisible = 0;
			defaultConfigurationName = Release;
		};
		A0AF3D9C17A8085900D2E836 /* Build configuration list for PBXNativeTarget "RMStoreDemo (iOS)" */ = {
			isa = XCConfigurationList;
			buildConfigurations = (
				A0AF3D9D17A8085900D2E836 /* Debug */,
				A0AF3D9E17A8085900D2E836 /* Release */,
			);
			defaultConfigurationIsVisible = 0;
			defaultConfigurationName = Release;
		};
		D0188DEB239FC8CC002CC46B /* Build configuration list for PBXNativeTarget "RMStoreTestsHost" */ = {
			isa = XCConfigurationList;
			buildConfigurations = (
				D0188DEC239FC8CC002CC46B /* Debug */,
				D0188DED239FC8CC002CC46B /* Release */,
			);
			defaultConfigurationIsVisible = 0;
			defaultConfigurationName = Release;
		};
		D0188E0423A01C28002CC46B /* Build configuration list for PBXNativeTarget "RMStoreTestsMacOS" */ = {
			isa = XCConfigurationList;
			buildConfigurations = (
				D0188E0523A01C28002CC46B /* Debug */,
				D0188E0623A01C28002CC46B /* Release */,
			);
			defaultConfigurationIsVisible = 0;
			defaultConfigurationName = Release;
		};
		D06439A323A85E0E0083EF25 /* Build configuration list for PBXNativeTarget "RMStore-ContainerFramework" */ = {
			isa = XCConfigurationList;
			buildConfigurations = (
				D06439A423A85E0E0083EF25 /* Debug */,
				D06439A523A85E0E0083EF25 /* Release */,
			);
			defaultConfigurationIsVisible = 0;
			defaultConfigurationName = Release;
		};
		D06825922373A31C00EAF052 /* Build configuration list for PBXNativeTarget "RMStore (macOS)" */ = {
			isa = XCConfigurationList;
			buildConfigurations = (
				D06825932373A31C00EAF052 /* Debug */,
				D06825942373A31C00EAF052 /* Release */,
			);
			defaultConfigurationIsVisible = 0;
			defaultConfigurationName = Release;
		};
		D078FA952373554700982C56 /* Build configuration list for PBXNativeTarget "RMStoreFramework (macOS)" */ = {
			isa = XCConfigurationList;
			buildConfigurations = (
				D078FA962373554700982C56 /* Debug */,
				D078FA972373554700982C56 /* Release */,
			);
			defaultConfigurationIsVisible = 0;
			defaultConfigurationName = Release;
		};
		D078FAAE2373574B00982C56 /* Build configuration list for PBXNativeTarget "RMStoreDemo (macOS)" */ = {
			isa = XCConfigurationList;
			buildConfigurations = (
				D078FAAF2373574B00982C56 /* Debug */,
				D078FAB02373574B00982C56 /* Release */,
			);
			defaultConfigurationIsVisible = 0;
			defaultConfigurationName = Release;
		};
		D0B9B87F239A8EF200CE9F0D /* Build configuration list for PBXNativeTarget "RMStoreDemo (tvOS)" */ = {
			isa = XCConfigurationList;
			buildConfigurations = (
				D0B9B87D239A8EF200CE9F0D /* Debug */,
				D0B9B87E239A8EF200CE9F0D /* Release */,
			);
			defaultConfigurationIsVisible = 0;
			defaultConfigurationName = Release;
		};
		D0EB86BC239E870900992915 /* Build configuration list for PBXNativeTarget "RMStoreFramework (tvOS)" */ = {
			isa = XCConfigurationList;
			buildConfigurations = (
				D0EB86BD239E870900992915 /* Debug */,
				D0EB86BE239E870900992915 /* Release */,
			);
			defaultConfigurationIsVisible = 0;
			defaultConfigurationName = Release;
		};
/* End XCConfigurationList section */
	};
	rootObject = A0AF3D0017A802F300D2E836 /* Project object */;
}
